
Microsoft Visual Studio Solution File, Format Version 12.00
# Visual Studio 15
VisualStudioVersion = 15.0.27428.2037
MinimumVisualStudioVersion = 10.0.40219.1
Project("{FAE04EC0-301F-11D3-BF4B-00C04F79EFBC}") = "XamarinSample.Android", "XamarinSample\XamarinSample.Android\XamarinSample.Android.csproj", "{536329E6-EA9B-46A4-97C8-B7D0AE889AAA}"
EndProject
Project("{FAE04EC0-301F-11D3-BF4B-00C04F79EFBC}") = "XamarinSample.iOS", "XamarinSample\XamarinSample.iOS\XamarinSample.iOS.csproj", "{6D9ECEB1-F558-43F4-B359-383610E4392B}"
EndProject
Project("{FAE04EC0-301F-11D3-BF4B-00C04F79EFBC}") = "XamarinSample.UWP", "XamarinSample\XamarinSample.UWP\XamarinSample.UWP.csproj", "{88DB4C8C-9819-4405-A873-FD9D9B9896A9}"
EndProject
Project("{FAE04EC0-301F-11D3-BF4B-00C04F79EFBC}") = "XamarinSample", "XamarinSample\XamarinSample\XamarinSample.csproj", "{4AB5C64D-54EC-418D-97F5-A069495D0E06}"
EndProject
Global
	GlobalSection(SolutionConfigurationPlatforms) = preSolution
		Ad-Hoc|Any CPU = Ad-Hoc|Any CPU
		Ad-Hoc|ARM = Ad-Hoc|ARM
		Ad-Hoc|iPhone = Ad-Hoc|iPhone
		Ad-Hoc|iPhoneSimulator = Ad-Hoc|iPhoneSimulator
		Ad-Hoc|x64 = Ad-Hoc|x64
		Ad-Hoc|x86 = Ad-Hoc|x86
		AppStore|Any CPU = AppStore|Any CPU
		AppStore|ARM = AppStore|ARM
		AppStore|iPhone = AppStore|iPhone
		AppStore|iPhoneSimulator = AppStore|iPhoneSimulator
		AppStore|x64 = AppStore|x64
		AppStore|x86 = AppStore|x86
		Debug|Any CPU = Debug|Any CPU
		Debug|ARM = Debug|ARM
		Debug|iPhone = Debug|iPhone
		Debug|iPhoneSimulator = Debug|iPhoneSimulator
		Debug|x64 = Debug|x64
		Debug|x86 = Debug|x86
		Release|Any CPU = Release|Any CPU
		Release|ARM = Release|ARM
		Release|iPhone = Release|iPhone
		Release|iPhoneSimulator = Release|iPhoneSimulator
		Release|x64 = Release|x64
		Release|x86 = Release|x86
	EndGlobalSection
	GlobalSection(ProjectConfigurationPlatforms) = postSolution
		{536329E6-EA9B-46A4-97C8-B7D0AE889AAA}.Ad-Hoc|Any CPU.ActiveCfg = Release|Any CPU
		{536329E6-EA9B-46A4-97C8-B7D0AE889AAA}.Ad-Hoc|Any CPU.Build.0 = Release|Any CPU
		{536329E6-EA9B-46A4-97C8-B7D0AE889AAA}.Ad-Hoc|Any CPU.Deploy.0 = Release|Any CPU
		{536329E6-EA9B-46A4-97C8-B7D0AE889AAA}.Ad-Hoc|ARM.ActiveCfg = Release|Any CPU
		{536329E6-EA9B-46A4-97C8-B7D0AE889AAA}.Ad-Hoc|ARM.Build.0 = Release|Any CPU
		{536329E6-EA9B-46A4-97C8-B7D0AE889AAA}.Ad-Hoc|ARM.Deploy.0 = Release|Any CPU
		{536329E6-EA9B-46A4-97C8-B7D0AE889AAA}.Ad-Hoc|iPhone.ActiveCfg = Release|Any CPU
		{536329E6-EA9B-46A4-97C8-B7D0AE889AAA}.Ad-Hoc|iPhone.Build.0 = Release|Any CPU
		{536329E6-EA9B-46A4-97C8-B7D0AE889AAA}.Ad-Hoc|iPhone.Deploy.0 = Release|Any CPU
		{536329E6-EA9B-46A4-97C8-B7D0AE889AAA}.Ad-Hoc|iPhoneSimulator.ActiveCfg = Release|Any CPU
		{536329E6-EA9B-46A4-97C8-B7D0AE889AAA}.Ad-Hoc|iPhoneSimulator.Build.0 = Release|Any CPU
		{536329E6-EA9B-46A4-97C8-B7D0AE889AAA}.Ad-Hoc|iPhoneSimulator.Deploy.0 = Release|Any CPU
		{536329E6-EA9B-46A4-97C8-B7D0AE889AAA}.Ad-Hoc|x64.ActiveCfg = Release|Any CPU
		{536329E6-EA9B-46A4-97C8-B7D0AE889AAA}.Ad-Hoc|x64.Build.0 = Release|Any CPU
		{536329E6-EA9B-46A4-97C8-B7D0AE889AAA}.Ad-Hoc|x64.Deploy.0 = Release|Any CPU
		{536329E6-EA9B-46A4-97C8-B7D0AE889AAA}.Ad-Hoc|x86.ActiveCfg = Release|Any CPU
		{536329E6-EA9B-46A4-97C8-B7D0AE889AAA}.Ad-Hoc|x86.Build.0 = Release|Any CPU
		{536329E6-EA9B-46A4-97C8-B7D0AE889AAA}.Ad-Hoc|x86.Deploy.0 = Release|Any CPU
		{536329E6-EA9B-46A4-97C8-B7D0AE889AAA}.AppStore|Any CPU.ActiveCfg = Release|Any CPU
		{536329E6-EA9B-46A4-97C8-B7D0AE889AAA}.AppStore|Any CPU.Build.0 = Release|Any CPU
		{536329E6-EA9B-46A4-97C8-B7D0AE889AAA}.AppStore|Any CPU.Deploy.0 = Release|Any CPU
		{536329E6-EA9B-46A4-97C8-B7D0AE889AAA}.AppStore|ARM.ActiveCfg = Release|Any CPU
		{536329E6-EA9B-46A4-97C8-B7D0AE889AAA}.AppStore|ARM.Build.0 = Release|Any CPU
		{536329E6-EA9B-46A4-97C8-B7D0AE889AAA}.AppStore|ARM.Deploy.0 = Release|Any CPU
		{536329E6-EA9B-46A4-97C8-B7D0AE889AAA}.AppStore|iPhone.ActiveCfg = Release|Any CPU
		{536329E6-EA9B-46A4-97C8-B7D0AE889AAA}.AppStore|iPhone.Build.0 = Release|Any CPU
		{536329E6-EA9B-46A4-97C8-B7D0AE889AAA}.AppStore|iPhone.Deploy.0 = Release|Any CPU
		{536329E6-EA9B-46A4-97C8-B7D0AE889AAA}.AppStore|iPhoneSimulator.ActiveCfg = Release|Any CPU
		{536329E6-EA9B-46A4-97C8-B7D0AE889AAA}.AppStore|iPhoneSimulator.Build.0 = Release|Any CPU
		{536329E6-EA9B-46A4-97C8-B7D0AE889AAA}.AppStore|iPhoneSimulator.Deploy.0 = Release|Any CPU
		{536329E6-EA9B-46A4-97C8-B7D0AE889AAA}.AppStore|x64.ActiveCfg = Release|Any CPU
		{536329E6-EA9B-46A4-97C8-B7D0AE889AAA}.AppStore|x64.Build.0 = Release|Any CPU
		{536329E6-EA9B-46A4-97C8-B7D0AE889AAA}.AppStore|x64.Deploy.0 = Release|Any CPU
		{536329E6-EA9B-46A4-97C8-B7D0AE889AAA}.AppStore|x86.ActiveCfg = Release|Any CPU
		{536329E6-EA9B-46A4-97C8-B7D0AE889AAA}.AppStore|x86.Build.0 = Release|Any CPU
		{536329E6-EA9B-46A4-97C8-B7D0AE889AAA}.AppStore|x86.Deploy.0 = Release|Any CPU
		{536329E6-EA9B-46A4-97C8-B7D0AE889AAA}.Debug|Any CPU.ActiveCfg = Debug|Any CPU
		{536329E6-EA9B-46A4-97C8-B7D0AE889AAA}.Debug|Any CPU.Build.0 = Debug|Any CPU
		{536329E6-EA9B-46A4-97C8-B7D0AE889AAA}.Debug|Any CPU.Deploy.0 = Debug|Any CPU
		{536329E6-EA9B-46A4-97C8-B7D0AE889AAA}.Debug|ARM.ActiveCfg = Debug|Any CPU
		{536329E6-EA9B-46A4-97C8-B7D0AE889AAA}.Debug|ARM.Build.0 = Debug|Any CPU
		{536329E6-EA9B-46A4-97C8-B7D0AE889AAA}.Debug|ARM.Deploy.0 = Debug|Any CPU
		{536329E6-EA9B-46A4-97C8-B7D0AE889AAA}.Debug|iPhone.ActiveCfg = Debug|Any CPU
		{536329E6-EA9B-46A4-97C8-B7D0AE889AAA}.Debug|iPhone.Build.0 = Debug|Any CPU
		{536329E6-EA9B-46A4-97C8-B7D0AE889AAA}.Debug|iPhone.Deploy.0 = Debug|Any CPU
		{536329E6-EA9B-46A4-97C8-B7D0AE889AAA}.Debug|iPhoneSimulator.ActiveCfg = Debug|Any CPU
		{536329E6-EA9B-46A4-97C8-B7D0AE889AAA}.Debug|iPhoneSimulator.Build.0 = Debug|Any CPU
		{536329E6-EA9B-46A4-97C8-B7D0AE889AAA}.Debug|iPhoneSimulator.Deploy.0 = Debug|Any CPU
		{536329E6-EA9B-46A4-97C8-B7D0AE889AAA}.Debug|x64.ActiveCfg = Debug|Any CPU
		{536329E6-EA9B-46A4-97C8-B7D0AE889AAA}.Debug|x64.Build.0 = Debug|Any CPU
		{536329E6-EA9B-46A4-97C8-B7D0AE889AAA}.Debug|x64.Deploy.0 = Debug|Any CPU
		{536329E6-EA9B-46A4-97C8-B7D0AE889AAA}.Debug|x86.ActiveCfg = Debug|Any CPU
		{536329E6-EA9B-46A4-97C8-B7D0AE889AAA}.Debug|x86.Build.0 = Debug|Any CPU
		{536329E6-EA9B-46A4-97C8-B7D0AE889AAA}.Debug|x86.Deploy.0 = Debug|Any CPU
		{536329E6-EA9B-46A4-97C8-B7D0AE889AAA}.Release|Any CPU.ActiveCfg = Release|Any CPU
		{536329E6-EA9B-46A4-97C8-B7D0AE889AAA}.Release|Any CPU.Build.0 = Release|Any CPU
		{536329E6-EA9B-46A4-97C8-B7D0AE889AAA}.Release|Any CPU.Deploy.0 = Release|Any CPU
		{536329E6-EA9B-46A4-97C8-B7D0AE889AAA}.Release|ARM.ActiveCfg = Release|Any CPU
		{536329E6-EA9B-46A4-97C8-B7D0AE889AAA}.Release|ARM.Build.0 = Release|Any CPU
		{536329E6-EA9B-46A4-97C8-B7D0AE889AAA}.Release|ARM.Deploy.0 = Release|Any CPU
		{536329E6-EA9B-46A4-97C8-B7D0AE889AAA}.Release|iPhone.ActiveCfg = Release|Any CPU
		{536329E6-EA9B-46A4-97C8-B7D0AE889AAA}.Release|iPhone.Build.0 = Release|Any CPU
		{536329E6-EA9B-46A4-97C8-B7D0AE889AAA}.Release|iPhone.Deploy.0 = Release|Any CPU
		{536329E6-EA9B-46A4-97C8-B7D0AE889AAA}.Release|iPhoneSimulator.ActiveCfg = Release|Any CPU
		{536329E6-EA9B-46A4-97C8-B7D0AE889AAA}.Release|iPhoneSimulator.Build.0 = Release|Any CPU
		{536329E6-EA9B-46A4-97C8-B7D0AE889AAA}.Release|iPhoneSimulator.Deploy.0 = Release|Any CPU
		{536329E6-EA9B-46A4-97C8-B7D0AE889AAA}.Release|x64.ActiveCfg = Release|Any CPU
		{536329E6-EA9B-46A4-97C8-B7D0AE889AAA}.Release|x64.Build.0 = Release|Any CPU
		{536329E6-EA9B-46A4-97C8-B7D0AE889AAA}.Release|x64.Deploy.0 = Release|Any CPU
		{536329E6-EA9B-46A4-97C8-B7D0AE889AAA}.Release|x86.ActiveCfg = Release|Any CPU
		{536329E6-EA9B-46A4-97C8-B7D0AE889AAA}.Release|x86.Build.0 = Release|Any CPU
		{536329E6-EA9B-46A4-97C8-B7D0AE889AAA}.Release|x86.Deploy.0 = Release|Any CPU
		{6D9ECEB1-F558-43F4-B359-383610E4392B}.Ad-Hoc|Any CPU.ActiveCfg = Ad-Hoc|iPhone
		{6D9ECEB1-F558-43F4-B359-383610E4392B}.Ad-Hoc|ARM.ActiveCfg = Ad-Hoc|iPhone
		{6D9ECEB1-F558-43F4-B359-383610E4392B}.Ad-Hoc|iPhone.ActiveCfg = Ad-Hoc|iPhone
		{6D9ECEB1-F558-43F4-B359-383610E4392B}.Ad-Hoc|iPhone.Build.0 = Ad-Hoc|iPhone
		{6D9ECEB1-F558-43F4-B359-383610E4392B}.Ad-Hoc|iPhoneSimulator.ActiveCfg = Ad-Hoc|iPhoneSimulator
		{6D9ECEB1-F558-43F4-B359-383610E4392B}.Ad-Hoc|iPhoneSimulator.Build.0 = Ad-Hoc|iPhoneSimulator
		{6D9ECEB1-F558-43F4-B359-383610E4392B}.Ad-Hoc|x64.ActiveCfg = Ad-Hoc|iPhone
		{6D9ECEB1-F558-43F4-B359-383610E4392B}.Ad-Hoc|x86.ActiveCfg = Ad-Hoc|iPhone
		{6D9ECEB1-F558-43F4-B359-383610E4392B}.AppStore|Any CPU.ActiveCfg = AppStore|iPhone
		{6D9ECEB1-F558-43F4-B359-383610E4392B}.AppStore|ARM.ActiveCfg = AppStore|iPhone
		{6D9ECEB1-F558-43F4-B359-383610E4392B}.AppStore|iPhone.ActiveCfg = AppStore|iPhone
		{6D9ECEB1-F558-43F4-B359-383610E4392B}.AppStore|iPhone.Build.0 = AppStore|iPhone
		{6D9ECEB1-F558-43F4-B359-383610E4392B}.AppStore|iPhoneSimulator.ActiveCfg = AppStore|iPhoneSimulator
		{6D9ECEB1-F558-43F4-B359-383610E4392B}.AppStore|iPhoneSimulator.Build.0 = AppStore|iPhoneSimulator
		{6D9ECEB1-F558-43F4-B359-383610E4392B}.AppStore|x64.ActiveCfg = AppStore|iPhone
		{6D9ECEB1-F558-43F4-B359-383610E4392B}.AppStore|x86.ActiveCfg = AppStore|iPhone
		{6D9ECEB1-F558-43F4-B359-383610E4392B}.Debug|Any CPU.ActiveCfg = Debug|iPhone
		{6D9ECEB1-F558-43F4-B359-383610E4392B}.Debug|ARM.ActiveCfg = Debug|iPhone
		{6D9ECEB1-F558-43F4-B359-383610E4392B}.Debug|iPhone.ActiveCfg = Debug|iPhone
		{6D9ECEB1-F558-43F4-B359-383610E4392B}.Debug|iPhone.Build.0 = Debug|iPhone
		{6D9ECEB1-F558-43F4-B359-383610E4392B}.Debug|iPhoneSimulator.ActiveCfg = Debug|iPhoneSimulator
		{6D9ECEB1-F558-43F4-B359-383610E4392B}.Debug|iPhoneSimulator.Build.0 = Debug|iPhoneSimulator
		{6D9ECEB1-F558-43F4-B359-383610E4392B}.Debug|x64.ActiveCfg = Debug|iPhone
		{6D9ECEB1-F558-43F4-B359-383610E4392B}.Debug|x86.ActiveCfg = Debug|iPhone
		{6D9ECEB1-F558-43F4-B359-383610E4392B}.Release|Any CPU.ActiveCfg = Release|iPhone
		{6D9ECEB1-F558-43F4-B359-383610E4392B}.Release|ARM.ActiveCfg = Release|iPhone
		{6D9ECEB1-F558-43F4-B359-383610E4392B}.Release|iPhone.ActiveCfg = Release|iPhone
		{6D9ECEB1-F558-43F4-B359-383610E4392B}.Release|iPhone.Build.0 = Release|iPhone
		{6D9ECEB1-F558-43F4-B359-383610E4392B}.Release|iPhoneSimulator.ActiveCfg = Release|iPhoneSimulator
		{6D9ECEB1-F558-43F4-B359-383610E4392B}.Release|iPhoneSimulator.Build.0 = Release|iPhoneSimulator
		{6D9ECEB1-F558-43F4-B359-383610E4392B}.Release|x64.ActiveCfg = Release|iPhone
		{6D9ECEB1-F558-43F4-B359-383610E4392B}.Release|x86.ActiveCfg = Release|iPhone
		{88DB4C8C-9819-4405-A873-FD9D9B9896A9}.Ad-Hoc|Any CPU.ActiveCfg = Release|x86
		{88DB4C8C-9819-4405-A873-FD9D9B9896A9}.Ad-Hoc|Any CPU.Build.0 = Release|x86
		{88DB4C8C-9819-4405-A873-FD9D9B9896A9}.Ad-Hoc|Any CPU.Deploy.0 = Release|x86
		{88DB4C8C-9819-4405-A873-FD9D9B9896A9}.Ad-Hoc|ARM.ActiveCfg = Release|ARM
		{88DB4C8C-9819-4405-A873-FD9D9B9896A9}.Ad-Hoc|ARM.Build.0 = Release|ARM
		{88DB4C8C-9819-4405-A873-FD9D9B9896A9}.Ad-Hoc|ARM.Deploy.0 = Release|ARM
		{88DB4C8C-9819-4405-A873-FD9D9B9896A9}.Ad-Hoc|iPhone.ActiveCfg = Release|x86
		{88DB4C8C-9819-4405-A873-FD9D9B9896A9}.Ad-Hoc|iPhone.Build.0 = Release|x86
		{88DB4C8C-9819-4405-A873-FD9D9B9896A9}.Ad-Hoc|iPhone.Deploy.0 = Release|x86
		{88DB4C8C-9819-4405-A873-FD9D9B9896A9}.Ad-Hoc|iPhoneSimulator.ActiveCfg = Release|x86
		{88DB4C8C-9819-4405-A873-FD9D9B9896A9}.Ad-Hoc|iPhoneSimulator.Build.0 = Release|x86
		{88DB4C8C-9819-4405-A873-FD9D9B9896A9}.Ad-Hoc|iPhoneSimulator.Deploy.0 = Release|x86
		{88DB4C8C-9819-4405-A873-FD9D9B9896A9}.Ad-Hoc|x64.ActiveCfg = Release|x64
		{88DB4C8C-9819-4405-A873-FD9D9B9896A9}.Ad-Hoc|x64.Build.0 = Release|x64
		{88DB4C8C-9819-4405-A873-FD9D9B9896A9}.Ad-Hoc|x64.Deploy.0 = Release|x64
		{88DB4C8C-9819-4405-A873-FD9D9B9896A9}.Ad-Hoc|x86.ActiveCfg = Release|x86
		{88DB4C8C-9819-4405-A873-FD9D9B9896A9}.Ad-Hoc|x86.Build.0 = Release|x86
		{88DB4C8C-9819-4405-A873-FD9D9B9896A9}.Ad-Hoc|x86.Deploy.0 = Release|x86
		{88DB4C8C-9819-4405-A873-FD9D9B9896A9}.AppStore|Any CPU.ActiveCfg = Release|x86
		{88DB4C8C-9819-4405-A873-FD9D9B9896A9}.AppStore|Any CPU.Build.0 = Release|x86
		{88DB4C8C-9819-4405-A873-FD9D9B9896A9}.AppStore|Any CPU.Deploy.0 = Release|x86
		{88DB4C8C-9819-4405-A873-FD9D9B9896A9}.AppStore|ARM.ActiveCfg = Release|ARM
		{88DB4C8C-9819-4405-A873-FD9D9B9896A9}.AppStore|ARM.Build.0 = Release|ARM
		{88DB4C8C-9819-4405-A873-FD9D9B9896A9}.AppStore|ARM.Deploy.0 = Release|ARM
		{88DB4C8C-9819-4405-A873-FD9D9B9896A9}.AppStore|iPhone.ActiveCfg = Release|x86
		{88DB4C8C-9819-4405-A873-FD9D9B9896A9}.AppStore|iPhone.Build.0 = Release|x86
		{88DB4C8C-9819-4405-A873-FD9D9B9896A9}.AppStore|iPhone.Deploy.0 = Release|x86
		{88DB4C8C-9819-4405-A873-FD9D9B9896A9}.AppStore|iPhoneSimulator.ActiveCfg = Release|x86
		{88DB4C8C-9819-4405-A873-FD9D9B9896A9}.AppStore|iPhoneSimulator.Build.0 = Release|x86
		{88DB4C8C-9819-4405-A873-FD9D9B9896A9}.AppStore|iPhoneSimulator.Deploy.0 = Release|x86
		{88DB4C8C-9819-4405-A873-FD9D9B9896A9}.AppStore|x64.ActiveCfg = Release|x64
		{88DB4C8C-9819-4405-A873-FD9D9B9896A9}.AppStore|x64.Build.0 = Release|x64
		{88DB4C8C-9819-4405-A873-FD9D9B9896A9}.AppStore|x64.Deploy.0 = Release|x64
		{88DB4C8C-9819-4405-A873-FD9D9B9896A9}.AppStore|x86.ActiveCfg = Release|x86
		{88DB4C8C-9819-4405-A873-FD9D9B9896A9}.AppStore|x86.Build.0 = Release|x86
		{88DB4C8C-9819-4405-A873-FD9D9B9896A9}.AppStore|x86.Deploy.0 = Release|x86
		{88DB4C8C-9819-4405-A873-FD9D9B9896A9}.Debug|Any CPU.ActiveCfg = Debug|x86
		{88DB4C8C-9819-4405-A873-FD9D9B9896A9}.Debug|ARM.ActiveCfg = Debug|ARM
		{88DB4C8C-9819-4405-A873-FD9D9B9896A9}.Debug|ARM.Build.0 = Debug|ARM
		{88DB4C8C-9819-4405-A873-FD9D9B9896A9}.Debug|ARM.Deploy.0 = Debug|ARM
		{88DB4C8C-9819-4405-A873-FD9D9B9896A9}.Debug|iPhone.ActiveCfg = Debug|x86
		{88DB4C8C-9819-4405-A873-FD9D9B9896A9}.Debug|iPhoneSimulator.ActiveCfg = Debug|x86
		{88DB4C8C-9819-4405-A873-FD9D9B9896A9}.Debug|x64.ActiveCfg = Debug|x64
		{88DB4C8C-9819-4405-A873-FD9D9B9896A9}.Debug|x64.Build.0 = Debug|x64
		{88DB4C8C-9819-4405-A873-FD9D9B9896A9}.Debug|x64.Deploy.0 = Debug|x64
		{88DB4C8C-9819-4405-A873-FD9D9B9896A9}.Debug|x86.ActiveCfg = Debug|x86
		{88DB4C8C-9819-4405-A873-FD9D9B9896A9}.Debug|x86.Build.0 = Debug|x86
		{88DB4C8C-9819-4405-A873-FD9D9B9896A9}.Debug|x86.Deploy.0 = Debug|x86
		{88DB4C8C-9819-4405-A873-FD9D9B9896A9}.Release|Any CPU.ActiveCfg = Release|x86
		{88DB4C8C-9819-4405-A873-FD9D9B9896A9}.Release|ARM.ActiveCfg = Release|ARM
		{88DB4C8C-9819-4405-A873-FD9D9B9896A9}.Release|ARM.Build.0 = Release|ARM
		{88DB4C8C-9819-4405-A873-FD9D9B9896A9}.Release|ARM.Deploy.0 = Release|ARM
		{88DB4C8C-9819-4405-A873-FD9D9B9896A9}.Release|iPhone.ActiveCfg = Release|x86
		{88DB4C8C-9819-4405-A873-FD9D9B9896A9}.Release|iPhoneSimulator.ActiveCfg = Release|x86
		{88DB4C8C-9819-4405-A873-FD9D9B9896A9}.Release|x64.ActiveCfg = Release|x64
		{88DB4C8C-9819-4405-A873-FD9D9B9896A9}.Release|x64.Build.0 = Release|x64
		{88DB4C8C-9819-4405-A873-FD9D9B9896A9}.Release|x64.Deploy.0 = Release|x64
		{88DB4C8C-9819-4405-A873-FD9D9B9896A9}.Release|x86.ActiveCfg = Release|x86
		{88DB4C8C-9819-4405-A873-FD9D9B9896A9}.Release|x86.Build.0 = Release|x86
		{88DB4C8C-9819-4405-A873-FD9D9B9896A9}.Release|x86.Deploy.0 = Release|x86
		{4AB5C64D-54EC-418D-97F5-A069495D0E06}.Ad-Hoc|Any CPU.ActiveCfg = Debug|Any CPU
		{4AB5C64D-54EC-418D-97F5-A069495D0E06}.Ad-Hoc|Any CPU.Build.0 = Debug|Any CPU
		{4AB5C64D-54EC-418D-97F5-A069495D0E06}.Ad-Hoc|ARM.ActiveCfg = Debug|Any CPU
		{4AB5C64D-54EC-418D-97F5-A069495D0E06}.Ad-Hoc|ARM.Build.0 = Debug|Any CPU
		{4AB5C64D-54EC-418D-97F5-A069495D0E06}.Ad-Hoc|iPhone.ActiveCfg = Debug|Any CPU
		{4AB5C64D-54EC-418D-97F5-A069495D0E06}.Ad-Hoc|iPhone.Build.0 = Debug|Any CPU
		{4AB5C64D-54EC-418D-97F5-A069495D0E06}.Ad-Hoc|iPhoneSimulator.ActiveCfg = Debug|Any CPU
		{4AB5C64D-54EC-418D-97F5-A069495D0E06}.Ad-Hoc|iPhoneSimulator.Build.0 = Debug|Any CPU
		{4AB5C64D-54EC-418D-97F5-A069495D0E06}.Ad-Hoc|x64.ActiveCfg = Debug|Any CPU
		{4AB5C64D-54EC-418D-97F5-A069495D0E06}.Ad-Hoc|x64.Build.0 = Debug|Any CPU
		{4AB5C64D-54EC-418D-97F5-A069495D0E06}.Ad-Hoc|x86.ActiveCfg = Debug|Any CPU
		{4AB5C64D-54EC-418D-97F5-A069495D0E06}.Ad-Hoc|x86.Build.0 = Debug|Any CPU
		{4AB5C64D-54EC-418D-97F5-A069495D0E06}.AppStore|Any CPU.ActiveCfg = Debug|Any CPU
		{4AB5C64D-54EC-418D-97F5-A069495D0E06}.AppStore|Any CPU.Build.0 = Debug|Any CPU
		{4AB5C64D-54EC-418D-97F5-A069495D0E06}.AppStore|ARM.ActiveCfg = Debug|Any CPU
		{4AB5C64D-54EC-418D-97F5-A069495D0E06}.AppStore|ARM.Build.0 = Debug|Any CPU
		{4AB5C64D-54EC-418D-97F5-A069495D0E06}.AppStore|iPhone.ActiveCfg = Debug|Any CPU
		{4AB5C64D-54EC-418D-97F5-A069495D0E06}.AppStore|iPhone.Build.0 = Debug|Any CPU
		{4AB5C64D-54EC-418D-97F5-A069495D0E06}.AppStore|iPhoneSimulator.ActiveCfg = Debug|Any CPU
		{4AB5C64D-54EC-418D-97F5-A069495D0E06}.AppStore|iPhoneSimulator.Build.0 = Debug|Any CPU
		{4AB5C64D-54EC-418D-97F5-A069495D0E06}.AppStore|x64.ActiveCfg = Debug|Any CPU
		{4AB5C64D-54EC-418D-97F5-A069495D0E06}.AppStore|x64.Build.0 = Debug|Any CPU
		{4AB5C64D-54EC-418D-97F5-A069495D0E06}.AppStore|x86.ActiveCfg = Debug|Any CPU
		{4AB5C64D-54EC-418D-97F5-A069495D0E06}.AppStore|x86.Build.0 = Debug|Any CPU
		{4AB5C64D-54EC-418D-97F5-A069495D0E06}.Debug|Any CPU.ActiveCfg = Debug|Any CPU
		{4AB5C64D-54EC-418D-97F5-A069495D0E06}.Debug|Any CPU.Build.0 = Debug|Any CPU
		{4AB5C64D-54EC-418D-97F5-A069495D0E06}.Debug|ARM.ActiveCfg = Debug|Any CPU
		{4AB5C64D-54EC-418D-97F5-A069495D0E06}.Debug|ARM.Build.0 = Debug|Any CPU
		{4AB5C64D-54EC-418D-97F5-A069495D0E06}.Debug|iPhone.ActiveCfg = Debug|Any CPU
		{4AB5C64D-54EC-418D-97F5-A069495D0E06}.Debug|iPhone.Build.0 = Debug|Any CPU
		{4AB5C64D-54EC-418D-97F5-A069495D0E06}.Debug|iPhoneSimulator.ActiveCfg = Debug|Any CPU
		{4AB5C64D-54EC-418D-97F5-A069495D0E06}.Debug|iPhoneSimulator.Build.0 = Debug|Any CPU
		{4AB5C64D-54EC-418D-97F5-A069495D0E06}.Debug|x64.ActiveCfg = Debug|Any CPU
		{4AB5C64D-54EC-418D-97F5-A069495D0E06}.Debug|x64.Build.0 = Debug|Any CPU
		{4AB5C64D-54EC-418D-97F5-A069495D0E06}.Debug|x86.ActiveCfg = Debug|Any CPU
		{4AB5C64D-54EC-418D-97F5-A069495D0E06}.Debug|x86.Build.0 = Debug|Any CPU
		{4AB5C64D-54EC-418D-97F5-A069495D0E06}.Release|Any CPU.ActiveCfg = Release|Any CPU
		{4AB5C64D-54EC-418D-97F5-A069495D0E06}.Release|Any CPU.Build.0 = Release|Any CPU
		{4AB5C64D-54EC-418D-97F5-A069495D0E06}.Release|ARM.ActiveCfg = Release|Any CPU
		{4AB5C64D-54EC-418D-97F5-A069495D0E06}.Release|ARM.Build.0 = Release|Any CPU
		{4AB5C64D-54EC-418D-97F5-A069495D0E06}.Release|iPhone.ActiveCfg = Release|Any CPU
		{4AB5C64D-54EC-418D-97F5-A069495D0E06}.Release|iPhone.Build.0 = Release|Any CPU
		{4AB5C64D-54EC-418D-97F5-A069495D0E06}.Release|iPhoneSimulator.ActiveCfg = Release|Any CPU
		{4AB5C64D-54EC-418D-97F5-A069495D0E06}.Release|iPhoneSimulator.Build.0 = Release|Any CPU
		{4AB5C64D-54EC-418D-97F5-A069495D0E06}.Release|x64.ActiveCfg = Release|Any CPU
		{4AB5C64D-54EC-418D-97F5-A069495D0E06}.Release|x64.Build.0 = Release|Any CPU
		{4AB5C64D-54EC-418D-97F5-A069495D0E06}.Release|x86.ActiveCfg = Release|Any CPU
		{4AB5C64D-54EC-418D-97F5-A069495D0E06}.Release|x86.Build.0 = Release|Any CPU
	EndGlobalSection
	GlobalSection(SolutionProperties) = preSolution
		HideSolutionNode = FALSE
	EndGlobalSection
	GlobalSection(ExtensibilityGlobals) = postSolution
		SolutionGuid = {30225069-369A-4F4F-801D-DCDAEF77D05C}
	EndGlobalSection
EndGlobal
