
Microsoft Visual Studio Solution File, Format Version 12.00
# Visual Studio Version 17
VisualStudioVersion = 17.3.32804.467
MinimumVisualStudioVersion = 10.0.40219.1
Project("{9A19103F-16F7-4668-BE54-9A1E7A4F7556}") = "EdgeDeploymentSample", "EdgeDeploymentSample\EdgeDeploymentSample.csproj", "{1E1D5C45-F605-4B88-A786-CA4D06105B30}"
EndProject
Project("{9A19103F-16F7-4668-BE54-9A1E7A4F7556}") = "FileUploadNotificationReceiverSample", "FileUploadNotificationReceiverSample\FileUploadNotificationReceiverSample.csproj", "{08302FE1-C8DE-4A2A-A948-1B1E4EA54590}"
EndProject
Project("{9A19103F-16F7-4668-BE54-9A1E7A4F7556}") = "JobsSample", "JobsSample\JobsSample.csproj", "{1673FD89-5879-43D5-9381-1FF05ED63A3D}"
EndProject
Project("{9A19103F-16F7-4668-BE54-9A1E7A4F7556}") = "ServiceClientSample", "ServiceClientSample\ServiceClientSample.csproj", "{57F33013-4905-4D80-84F5-1786F70F45F9}"
EndProject
Global
	GlobalSection(SolutionConfigurationPlatforms) = preSolution
		Debug|Any CPU = Debug|Any CPU
		Release|Any CPU = Release|Any CPU
	EndGlobalSection
	GlobalSection(ProjectConfigurationPlatforms) = postSolution
		{1E1D5C45-F605-4B88-A786-CA4D06105B30}.Debug|Any CPU.ActiveCfg = Debug|Any CPU
		{1E1D5C45-F605-4B88-A786-CA4D06105B30}.Debug|Any CPU.Build.0 = Debug|Any CPU
		{1E1D5C45-F605-4B88-A786-CA4D06105B30}.Release|Any CPU.ActiveCfg = Release|Any CPU
		{1E1D5C45-F605-4B88-A786-CA4D06105B30}.Release|Any CPU.Build.0 = Release|Any CPU
		{08302FE1-C8DE-4A2A-A948-1B1E4EA54590}.Debug|Any CPU.ActiveCfg = Debug|Any CPU
		{08302FE1-C8DE-4A2A-A948-1B1E4EA54590}.Debug|Any CPU.Build.0 = Debug|Any CPU
		{08302FE1-C8DE-4A2A-A948-1B1E4EA54590}.Release|Any CPU.ActiveCfg = Release|Any CPU
		{08302FE1-C8DE-4A2A-A948-1B1E4EA54590}.Release|Any CPU.Build.0 = Release|Any CPU
		{1673FD89-5879-43D5-9381-1FF05ED63A3D}.Debug|Any CPU.ActiveCfg = Debug|Any CPU
		{1673FD89-5879-43D5-9381-1FF05ED63A3D}.Debug|Any CPU.Build.0 = Debug|Any CPU
		{1673FD89-5879-43D5-9381-1FF05ED63A3D}.Release|Any CPU.ActiveCfg = Release|Any CPU
		{1673FD89-5879-43D5-9381-1FF05ED63A3D}.Release|Any CPU.Build.0 = Release|Any CPU
		{57F33013-4905-4D80-84F5-1786F70F45F9}.Debug|Any CPU.ActiveCfg = Debug|Any CPU
		{57F33013-4905-4D80-84F5-1786F70F45F9}.Debug|Any CPU.Build.0 = Debug|Any CPU
		{57F33013-4905-4D80-84F5-1786F70F45F9}.Release|Any CPU.ActiveCfg = Release|Any CPU
		{57F33013-4905-4D80-84F5-1786F70F45F9}.Release|Any CPU.Build.0 = Release|Any CPU
	EndGlobalSection
	GlobalSection(SolutionProperties) = preSolution
		HideSolutionNode = FALSE
	EndGlobalSection
	GlobalSection(ExtensibilityGlobals) = postSolution
		SolutionGuid = {5087D147-20C6-486A-8BB3-2F30D69B35D8}
	EndGlobalSection
EndGlobal
