
Microsoft Visual Studio Solution File, Format Version 12.00
# Visual Studio Version 17
VisualStudioVersion = 17.1.32328.378
MinimumVisualStudioVersion = 15.0.26124.0
Project("{2150E333-8FDC-42A3-9474-1A3956D46DE8}") = "iothub", "iothub", "{537FA828-124D-4C70-9FC1-89301D9E776D}"
EndProject
Project("{2150E333-8FDC-42A3-9474-1A3956D46DE8}") = "provisioning", "provisioning", "{3839DB7F-C289-4C1A-9D70-11DF35F139E0}"
EndProject
Project("{2150E333-8FDC-42A3-9474-1A3956D46DE8}") = "shared", "shared", "{3AA089A9-A035-439E-BAF6-C3975A334379}"
EndProject
Project("{2150E333-8FDC-42A3-9474-1A3956D46DE8}") = "security", "security", "{96531499-C8F4-4F77-88DD-9F9585B5E565}"
EndProject
Project("{2150E333-8FDC-42A3-9474-1A3956D46DE8}") = "e2e", "e2e", "{662CE01D-7A7F-48D8-80CE-5DC9C60677E8}"
EndProject
Project("{2150E333-8FDC-42A3-9474-1A3956D46DE8}") = "device", "device", "{A48437BA-3C5B-431E-9B2F-96C850E9E1A5}"
EndProject
Project("{2150E333-8FDC-42A3-9474-1A3956D46DE8}") = "service", "service", "{3AE168FC-23DB-4BB6-9A85-C6D2055BADEB}"
EndProject
Project("{2150E333-8FDC-42A3-9474-1A3956D46DE8}") = "test", "test", "{9C260BF0-1CCA-45A2-AAB8-6419291B8B88}"
EndProject
Project("{2150E333-8FDC-42A3-9474-1A3956D46DE8}") = "device", "device", "{F94CC11B-7FA5-4CF0-9103-2B89BE631AB0}"
EndProject
Project("{2150E333-8FDC-42A3-9474-1A3956D46DE8}") = "service", "service", "{873E717F-49D6-41E2-B073-6474B160A0F2}"
EndProject
Project("{9A19103F-16F7-4668-BE54-9A1E7A4F7556}") = "Microsoft.Azure.Devices.Client", "iothub\device\src\Microsoft.Azure.Devices.Client.csproj", "{3308B8AE-2B01-4140-BC8B-DD0AADA5530C}"
EndProject
Project("{9A19103F-16F7-4668-BE54-9A1E7A4F7556}") = "Microsoft.Azure.Devices.Client.Tests", "iothub\device\tests\Microsoft.Azure.Devices.Client.Tests.csproj", "{80F6B034-D570-4A50-B178-464996A1BC43}"
EndProject
Project("{9A19103F-16F7-4668-BE54-9A1E7A4F7556}") = "Microsoft.Azure.Devices", "iothub\service\src\Microsoft.Azure.Devices.csproj", "{933EA769-2D37-42C3-BBEF-8D2E0DF76AAB}"
EndProject
Project("{9A19103F-16F7-4668-BE54-9A1E7A4F7556}") = "Microsoft.Azure.Devices.Tests", "iothub\service\tests\Microsoft.Azure.Devices.Tests.csproj", "{E35FEBBE-F360-4472-90E0-D10D95D4A8FD}"
EndProject
Project("{9A19103F-16F7-4668-BE54-9A1E7A4F7556}") = "Microsoft.Azure.Devices.Provisioning.Client", "provisioning\device\src\Microsoft.Azure.Devices.Provisioning.Client.csproj", "{F99E80F7-86D5-4E78-9FAB-6F1459F01E2F}"
EndProject
Project("{2150E333-8FDC-42A3-9474-1A3956D46DE8}") = "transport", "transport", "{82CFD984-1D5A-4848-A8EE-7018C35AA289}"
EndProject
Project("{9A19103F-16F7-4668-BE54-9A1E7A4F7556}") = "Microsoft.Azure.Devices.Provisioning.Client.Tests", "provisioning\device\tests\Microsoft.Azure.Devices.Provisioning.Client.Tests.csproj", "{A817DDB5-67E5-41A0-982B-62F2E1DFC191}"
EndProject
Project("{9A19103F-16F7-4668-BE54-9A1E7A4F7556}") = "Microsoft.Azure.Devices.Provisioning.Service", "provisioning\service\src\Microsoft.Azure.Devices.Provisioning.Service.csproj", "{AD108C3E-F395-4DDF-ADFA-645D14B6E952}"
EndProject
Project("{9A19103F-16F7-4668-BE54-9A1E7A4F7556}") = "Microsoft.Azure.Devices.Provisioning.Service.Tests", "provisioning\service\tests\Microsoft.Azure.Devices.Provisioning.Service.Tests.csproj", "{C1DFF192-CDAB-4CC1-A340-F78C186EFC0A}"
EndProject
Project("{2150E333-8FDC-42A3-9474-1A3956D46DE8}") = "amqp", "amqp", "{BD2CD647-FA82-4E3F-8067-DB8FCAE908E5}"
EndProject
Project("{2150E333-8FDC-42A3-9474-1A3956D46DE8}") = "mqtt", "mqtt", "{1C780497-9CEB-485F-97DA-4616992554DF}"
EndProject
Project("{2150E333-8FDC-42A3-9474-1A3956D46DE8}") = "http", "http", "{EEFED918-4D98-4DB9-9C36-117056A46CED}"
EndProject
Project("{9A19103F-16F7-4668-BE54-9A1E7A4F7556}") = "Microsoft.Azure.Devices.Provisioning.Transport.Amqp", "provisioning\transport\amqp\src\Microsoft.Azure.Devices.Provisioning.Transport.Amqp.csproj", "{1A36C3B4-257F-4537-8DE4-CE319FB4BB5D}"
EndProject
Project("{9A19103F-16F7-4668-BE54-9A1E7A4F7556}") = "Microsoft.Azure.Devices.Provisioning.Transport.Amqp.Tests", "provisioning\transport\amqp\tests\Microsoft.Azure.Devices.Provisioning.Transport.Amqp.Tests.csproj", "{CC9311E1-729D-426C-BFC5-FA703C4626D2}"
EndProject
Project("{9A19103F-16F7-4668-BE54-9A1E7A4F7556}") = "Microsoft.Azure.Devices.Provisioning.Transport.Http", "provisioning\transport\http\src\Microsoft.Azure.Devices.Provisioning.Transport.Http.csproj", "{C8614ED0-89EB-48FF-9860-8CF8F9F1D39A}"
EndProject
Project("{9A19103F-16F7-4668-BE54-9A1E7A4F7556}") = "Microsoft.Azure.Devices.Provisioning.Transport.Http.Tests", "provisioning\transport\http\tests\Microsoft.Azure.Devices.Provisioning.Transport.Http.Tests.csproj", "{81419EA1-77B0-4D51-A331-453026336251}"
EndProject
Project("{9A19103F-16F7-4668-BE54-9A1E7A4F7556}") = "Microsoft.Azure.Devices.Provisioning.Transport.Mqtt", "provisioning\transport\mqtt\src\Microsoft.Azure.Devices.Provisioning.Transport.Mqtt.csproj", "{0E1D5558-3631-4850-81BE-27F096B6A015}"
EndProject
Project("{9A19103F-16F7-4668-BE54-9A1E7A4F7556}") = "Microsoft.Azure.Devices.Provisioning.Transport.Mqtt.Tests", "provisioning\transport\mqtt\tests\Microsoft.Azure.Devices.Provisioning.Transport.Mqtt.Tests.csproj", "{13A54C92-754F-488B-9619-0A3D103FA217}"
EndProject
Project("{2150E333-8FDC-42A3-9474-1A3956D46DE8}") = "tpm", "tpm", "{4CF9A9B8-9D3F-44F6-B965-DF2B7EEA024E}"
EndProject
Project("{9A19103F-16F7-4668-BE54-9A1E7A4F7556}") = "Microsoft.Azure.Devices.Provisioning.Security.Tpm", "security\tpm\src\Microsoft.Azure.Devices.Provisioning.Security.Tpm.csproj", "{1398AC6D-A247-4503-A5B0-6E8A398DF182}"
EndProject
Project("{9A19103F-16F7-4668-BE54-9A1E7A4F7556}") = "Microsoft.Azure.Devices.Provisioning.Security.Tpm.Tests", "security\tpm\tests\Microsoft.Azure.Devices.Provisioning.Security.Tpm.Tests.csproj", "{5A200FEC-F723-4A85-86DA-3F6E246FE273}"
EndProject
Project("{9A19103F-16F7-4668-BE54-9A1E7A4F7556}") = "Microsoft.Azure.Devices.Shared", "shared\src\Microsoft.Azure.Devices.Shared.csproj", "{275DEE86-1EEA-47C4-A9C5-797DF20EC8A7}"
EndProject
Project("{9A19103F-16F7-4668-BE54-9A1E7A4F7556}") = "E2ETests", "e2e\test\E2ETests.csproj", "{8E25CDE3-992D-4942-8C38-51A0D8E8EB70}"
EndProject
Project("{2150E333-8FDC-42A3-9474-1A3956D46DE8}") = "Solution Items", "Solution Items", "{719D18A7-E943-461B-B777-0AAEC43916F5}"
	ProjectSection(SolutionItems) = preProject
		.editorconfig = .editorconfig
		.github\CODEOWNERS = .github\CODEOWNERS
		configure_tls_protocol_version_and_ciphers.md = configure_tls_protocol_version_and_ciphers.md
		device_connection_and_reliability_readme.md = device_connection_and_reliability_readme.md
		readme.md = readme.md
		supported_platforms.md = supported_platforms.md
		vsts\test-release-nuget.yaml = vsts\test-release-nuget.yaml
		test.runsettings = test.runsettings
		vsts\vsts.yaml = vsts\vsts.yaml
	EndProjectSection
EndProject
Project("{9A19103F-16F7-4668-BE54-9A1E7A4F7556}") = "Microsoft.Azure.Devices.Shared.Tests", "shared\tests\Microsoft.Azure.Devices.Shared.Tests.csproj", "{CEEE435F-32FC-4DE5-8735-90F6AC950A01}"
EndProject
Project("{2150E333-8FDC-42A3-9474-1A3956D46DE8}") = "samples", "samples", "{0F7F505C-CB9A-4CFD-855C-BDB0A9067AD1}"
EndProject
Project("{9A19103F-16F7-4668-BE54-9A1E7A4F7556}") = "DeviceReconnectionSample", "iothub\device\samples\how to guides\DeviceReconnectionSample\DeviceReconnectionSample.csproj", "{2E45EA2A-06E9-4551-9A1B-179835F47A39}"
EndProject
Project("{9A19103F-16F7-4668-BE54-9A1E7A4F7556}") = "ColorConsoleLogger", "samples\helpers\ColorConsoleLogger\ColorConsoleLogger.csproj", "{2DF8844C-8FEB-4B15-A7AD-1E377D5BBDFF}"
EndProject
Project("{2150E333-8FDC-42A3-9474-1A3956D46DE8}") = "how to guides", "how to guides", "{FA7C7E33-CC9C-4ACD-A761-C2B4C55E82F6}"
EndProject
Project("{2150E333-8FDC-42A3-9474-1A3956D46DE8}") = "getting started", "getting started", "{9BEF9B8B-7800-4C14-819F-F736DB4F1426}"
EndProject
Project("{2150E333-8FDC-42A3-9474-1A3956D46DE8}") = "solutions", "solutions", "{89BC5146-6077-4B23-9538-4C546E212C44}"
EndProject
Project("{9A19103F-16F7-4668-BE54-9A1E7A4F7556}") = "FileUploadSample", "iothub\device\samples\getting started\FileUploadSample\FileUploadSample.csproj", "{0907481A-CED8-4BEC-8E96-31D6B2BDE9CD}"
EndProject
Project("{9A19103F-16F7-4668-BE54-9A1E7A4F7556}") = "MessageReceiveSample", "iothub\device\samples\getting started\MessageReceiveSample\MessageReceiveSample.csproj", "{66CBFE14-5F59-4799-ABD6-176EC2D8A998}"
EndProject
Project("{9A19103F-16F7-4668-BE54-9A1E7A4F7556}") = "MethodSample", "iothub\device\samples\getting started\MethodSample\MethodSample.csproj", "{310937CF-4E40-4A28-B5CF-8670028A81D9}"
EndProject
Project("{9A19103F-16F7-4668-BE54-9A1E7A4F7556}") = "TwinSample", "iothub\device\samples\getting started\TwinSample\TwinSample.csproj", "{6B0BF31A-2FAE-49AB-A838-E32146E869AE}"
EndProject
Project("{9A19103F-16F7-4668-BE54-9A1E7A4F7556}") = "X509DeviceCertWithChainSample", "iothub\device\samples\how to guides\X509DeviceCertWithChainSample\X509DeviceCertWithChainSample.csproj", "{ABE001CF-C9E2-4F3F-80F8-59328B2E2BBA}"
EndProject
Project("{2150E333-8FDC-42A3-9474-1A3956D46DE8}") = "PnpDeviceSamples", "PnpDeviceSamples", "{FF919D6B-5D2B-4DC0-80F6-5F5E9AD7068E}"
EndProject
Project("{9A19103F-16F7-4668-BE54-9A1E7A4F7556}") = "PnpHelpers", "iothub\device\samples\solutions\PnpDeviceSamples\PnpConvention\PnpHelpers.csproj", "{4C5BC2C1-A4AC-4EB4-9BD7-2D76AECD3FAE}"
EndProject
Project("{9A19103F-16F7-4668-BE54-9A1E7A4F7556}") = "TemperatureController", "iothub\device\samples\solutions\PnpDeviceSamples\TemperatureController\TemperatureController.csproj", "{83FAEAF2-BF8B-4D71-A77E-7650B8A163EC}"
EndProject
Project("{9A19103F-16F7-4668-BE54-9A1E7A4F7556}") = "Thermostat", "iothub\device\samples\solutions\PnpDeviceSamples\Thermostat\Thermostat.csproj", "{9C778E31-10DD-47DC-9FB2-D1EB3C89B5BA}"
EndProject
Project("{2150E333-8FDC-42A3-9474-1A3956D46DE8}") = "samples", "samples", "{8392017A-8EDC-4CB8-8062-EDCEF87E9686}"
EndProject
Project("{2150E333-8FDC-42A3-9474-1A3956D46DE8}") = "getting started", "getting started", "{E94FE5CB-3D5E-4E2E-97F6-73D27E1F6491}"
EndProject
Project("{2150E333-8FDC-42A3-9474-1A3956D46DE8}") = "how to guides", "how to guides", "{73EFBF28-CA06-4A08-88BC-CCDA2C498C76}"
EndProject
Project("{2150E333-8FDC-42A3-9474-1A3956D46DE8}") = "solutions", "solutions", "{C221CC77-6882-4103-A411-682F0DC6CD1F}"
EndProject
Project("{9A19103F-16F7-4668-BE54-9A1E7A4F7556}") = "EdgeDeploymentSample", "iothub\service\samples\getting started\EdgeDeploymentSample\EdgeDeploymentSample.csproj", "{C47EEF44-BCA5-43F4-800D-F94A2262607D}"
EndProject
Project("{9A19103F-16F7-4668-BE54-9A1E7A4F7556}") = "FileUploadNotificationReceiverSample", "iothub\service\samples\getting started\FileUploadNotificationReceiverSample\FileUploadNotificationReceiverSample.csproj", "{41ACD783-1FD9-4639-848E-FD8679C1FECC}"
EndProject
Project("{9A19103F-16F7-4668-BE54-9A1E7A4F7556}") = "JobsSample", "iothub\service\samples\getting started\JobsSample\JobsSample.csproj", "{B8E7AF38-4EEE-4400-BFC8-1C3CC8EFAB7C}"
EndProject
Project("{9A19103F-16F7-4668-BE54-9A1E7A4F7556}") = "ServiceClientSample", "iothub\service\samples\getting started\ServiceClientSample\ServiceClientSample.csproj", "{30644708-A24A-4CFE-9C70-473E0E63E8A1}"
EndProject
Project("{9A19103F-16F7-4668-BE54-9A1E7A4F7556}") = "AutomaticDeviceManagementSample", "iothub\service\samples\how to guides\AutomaticDeviceManagementSample\AutomaticDeviceManagementSample.csproj", "{B7C5A0E7-F844-4A2B-9D58-EB72C4CD03A2}"
EndProject
Project("{9A19103F-16F7-4668-BE54-9A1E7A4F7556}") = "AzureSasCredentialAuthenticationSample", "iothub\service\samples\how to guides\AzureSasCredentialAuthenticationSample\AzureSasCredentialAuthenticationSample.csproj", "{6CD73625-33C5-4625-98D6-050A3C9D520F}"
EndProject
Project("{9A19103F-16F7-4668-BE54-9A1E7A4F7556}") = "CleanupDevicesSample", "iothub\service\samples\how to guides\CleanupDevicesSample\CleanupDevicesSample.csproj", "{77099E2D-9B4F-4B11-9B25-6D675B26FAD6}"
EndProject
Project("{9A19103F-16F7-4668-BE54-9A1E7A4F7556}") = "ImportExportDevicesSample", "iothub\service\samples\how to guides\ImportExportDevicesSample\ImportExportDevicesSample.csproj", "{2BB16A15-0E86-4A30-84B5-07293787DF7E}"
EndProject
Project("{9A19103F-16F7-4668-BE54-9A1E7A4F7556}") = "ImportExportDevicesWithManagedIdentitySample", "iothub\service\samples\how to guides\ImportExportDevicesWithManagedIdentitySample\ImportExportDevicesWithManagedIdentitySample.csproj", "{246A04CD-CD36-44B9-A10F-B0B18125B77C}"
EndProject
Project("{9A19103F-16F7-4668-BE54-9A1E7A4F7556}") = "RegistryManagerSample", "iothub\service\samples\how to guides\RegistryManagerSample\RegistryManagerSample.csproj", "{644A8971-C9F0-4E09-A6DA-234BF50577D0}"
EndProject
Project("{9A19103F-16F7-4668-BE54-9A1E7A4F7556}") = "RoleBasedAuthenticationSample", "iothub\service\samples\how to guides\RoleBasedAuthenticationSample\RoleBasedAuthenticationSample.csproj", "{1B924A2B-C125-42C7-81D4-CE40E628479F}"
EndProject
Project("{2150E333-8FDC-42A3-9474-1A3956D46DE8}") = "DigitalTwinClientSamples", "DigitalTwinClientSamples", "{15B8473E-CD41-4549-8965-33C84B9CFDE0}"
EndProject
Project("{2150E333-8FDC-42A3-9474-1A3956D46DE8}") = "PnpServiceSamples", "PnpServiceSamples", "{8A0B7C0A-13B6-4C50-9257-22EBAFAAF135}"
EndProject
Project("{9A19103F-16F7-4668-BE54-9A1E7A4F7556}") = "TemperatureController", "iothub\service\samples\solutions\DigitalTwinClientSamples\TemperatureController\TemperatureController.csproj", "{2BE7F551-9468-44ED-AA16-4DC4C0385842}"
EndProject
Project("{9A19103F-16F7-4668-BE54-9A1E7A4F7556}") = "Thermostat", "iothub\service\samples\solutions\DigitalTwinClientSamples\Thermostat\Thermostat.csproj", "{1F8DC6A9-0D35-4739-BEE3-501867C72E90}"
EndProject
Project("{9A19103F-16F7-4668-BE54-9A1E7A4F7556}") = "TemperatureController", "iothub\service\samples\solutions\PnpServiceSamples\TemperatureController\TemperatureController.csproj", "{597A3110-3363-4910-B451-916702E9AAA4}"
EndProject
Project("{9A19103F-16F7-4668-BE54-9A1E7A4F7556}") = "Thermostat", "iothub\service\samples\solutions\PnpServiceSamples\Thermostat\Thermostat.csproj", "{0180A4CD-CD56-4C22-B53E-1DE0E52DCED9}"
EndProject
Project("{2150E333-8FDC-42A3-9474-1A3956D46DE8}") = "RoutingTutorial", "RoutingTutorial", "{60C4870C-3D21-4F32-ADDD-CDA729C40183}"
EndProject
Project("{9A19103F-16F7-4668-BE54-9A1E7A4F7556}") = "SimulatedDevice", "iothub\device\samples\getting started\RoutingTutorial\SimulatedDevice\SimulatedDevice.csproj", "{84818D22-861A-47EA-8005-61426DFB89FB}"
EndProject
Project("{9A19103F-16F7-4668-BE54-9A1E7A4F7556}") = "ArmReadWrite", "iothub\device\samples\getting started\RoutingTutorial\horizontal-arm\arm-read-write\ArmReadWrite.csproj", "{89D6AEA2-D2C3-4ED8-A4F0-D2C9BD75DCE0}"
EndProject
Project("{9A19103F-16F7-4668-BE54-9A1E7A4F7556}") = "InvokeDeviceMethod", "iothub\service\samples\getting started\InvokeDeviceMethod\InvokeDeviceMethod.csproj", "{B2ADC8B7-7DCF-4657-B34A-F202E7FC5AB8}"
EndProject
Project("{9A19103F-16F7-4668-BE54-9A1E7A4F7556}") = "ReadD2cMessages", "iothub\device\samples\getting started\ReadD2cMessages\ReadD2cMessages.csproj", "{0880D280-7EF2-45B2-B9D1-803F441E7DEF}"
EndProject
Project("{9A19103F-16F7-4668-BE54-9A1E7A4F7556}") = "SimulatedDevice", "iothub\device\samples\getting started\SimulatedDevice\SimulatedDevice.csproj", "{D3C4B21A-D79C-4DF9-919B-466680654C6B}"
EndProject
Project("{9A19103F-16F7-4668-BE54-9A1E7A4F7556}") = "SimulatedDeviceWithCommand", "iothub\device\samples\getting started\SimulatedDeviceWithCommand\SimulatedDeviceWithCommand.csproj", "{292B1759-B5A2-4A26-BB44-A039488D044F}"
EndProject
Project("{9A19103F-16F7-4668-BE54-9A1E7A4F7556}") = "ComputeDerivedSymmetricKeySample", "provisioning\device\samples\Getting Started\ComputeDerivedSymmetricKeySample\ComputeDerivedSymmetricKeySample.csproj", "{A2D72CEF-7CB6-439D-A875-22DB39899969}"
EndProject
Project("{2150E333-8FDC-42A3-9474-1A3956D46DE8}") = "samples", "samples", "{8F9D9145-B786-4A2C-9A59-E1C33E07F5A2}"
EndProject
Project("{9A19103F-16F7-4668-BE54-9A1E7A4F7556}") = "X509Sample", "provisioning\device\samples\Getting Started\X509Sample\X509Sample.csproj", "{CAD27793-E63B-4579-B6A8-31FAA9AC8BE4}"
EndProject
Project("{2150E333-8FDC-42A3-9474-1A3956D46DE8}") = "getting started", "getting started", "{F75B3567-DCC4-49E9-A3D9-4A56E7557F13}"
EndProject
Project("{2150E333-8FDC-42A3-9474-1A3956D46DE8}") = "how to", "how to", "{464E5F28-748B-4A6C-94B8-A5725F57F62C}"
EndProject
Project("{9A19103F-16F7-4668-BE54-9A1E7A4F7556}") = "TpmSample", "provisioning\device\samples\How To\TpmSample\TpmSample.csproj", "{AF7EF6AC-351A-48DD-9309-2ABA81F1FDFE}"
EndProject
Project("{9A19103F-16F7-4668-BE54-9A1E7A4F7556}") = "SymmetricKeySample", "provisioning\device\samples\How To\SymmetricKeySample\SymmetricKeySample.csproj", "{F3FE1A48-9535-4CD2-8DC6-C35855D59602}"
EndProject
Global
	GlobalSection(SolutionConfigurationPlatforms) = preSolution
		Debug|Any CPU = Debug|Any CPU
		Release|Any CPU = Release|Any CPU
	EndGlobalSection
	GlobalSection(ProjectConfigurationPlatforms) = postSolution
		{3308B8AE-2B01-4140-BC8B-DD0AADA5530C}.Debug|Any CPU.ActiveCfg = Debug|Any CPU
		{3308B8AE-2B01-4140-BC8B-DD0AADA5530C}.Debug|Any CPU.Build.0 = Debug|Any CPU
		{3308B8AE-2B01-4140-BC8B-DD0AADA5530C}.Release|Any CPU.ActiveCfg = Release|Any CPU
		{3308B8AE-2B01-4140-BC8B-DD0AADA5530C}.Release|Any CPU.Build.0 = Release|Any CPU
		{80F6B034-D570-4A50-B178-464996A1BC43}.Debug|Any CPU.ActiveCfg = Debug|Any CPU
		{80F6B034-D570-4A50-B178-464996A1BC43}.Debug|Any CPU.Build.0 = Debug|Any CPU
		{80F6B034-D570-4A50-B178-464996A1BC43}.Release|Any CPU.ActiveCfg = Release|Any CPU
		{933EA769-2D37-42C3-BBEF-8D2E0DF76AAB}.Debug|Any CPU.ActiveCfg = Debug|Any CPU
		{933EA769-2D37-42C3-BBEF-8D2E0DF76AAB}.Debug|Any CPU.Build.0 = Debug|Any CPU
		{933EA769-2D37-42C3-BBEF-8D2E0DF76AAB}.Release|Any CPU.ActiveCfg = Release|Any CPU
		{933EA769-2D37-42C3-BBEF-8D2E0DF76AAB}.Release|Any CPU.Build.0 = Release|Any CPU
		{E35FEBBE-F360-4472-90E0-D10D95D4A8FD}.Debug|Any CPU.ActiveCfg = Debug|Any CPU
		{E35FEBBE-F360-4472-90E0-D10D95D4A8FD}.Debug|Any CPU.Build.0 = Debug|Any CPU
		{E35FEBBE-F360-4472-90E0-D10D95D4A8FD}.Release|Any CPU.ActiveCfg = Release|Any CPU
		{F99E80F7-86D5-4E78-9FAB-6F1459F01E2F}.Debug|Any CPU.ActiveCfg = Debug|Any CPU
		{F99E80F7-86D5-4E78-9FAB-6F1459F01E2F}.Debug|Any CPU.Build.0 = Debug|Any CPU
		{F99E80F7-86D5-4E78-9FAB-6F1459F01E2F}.Release|Any CPU.ActiveCfg = Release|Any CPU
		{F99E80F7-86D5-4E78-9FAB-6F1459F01E2F}.Release|Any CPU.Build.0 = Release|Any CPU
		{A817DDB5-67E5-41A0-982B-62F2E1DFC191}.Debug|Any CPU.ActiveCfg = Debug|Any CPU
		{A817DDB5-67E5-41A0-982B-62F2E1DFC191}.Debug|Any CPU.Build.0 = Debug|Any CPU
		{A817DDB5-67E5-41A0-982B-62F2E1DFC191}.Release|Any CPU.ActiveCfg = Release|Any CPU
		{AD108C3E-F395-4DDF-ADFA-645D14B6E952}.Debug|Any CPU.ActiveCfg = Debug|Any CPU
		{AD108C3E-F395-4DDF-ADFA-645D14B6E952}.Debug|Any CPU.Build.0 = Debug|Any CPU
		{AD108C3E-F395-4DDF-ADFA-645D14B6E952}.Release|Any CPU.ActiveCfg = Release|Any CPU
		{AD108C3E-F395-4DDF-ADFA-645D14B6E952}.Release|Any CPU.Build.0 = Release|Any CPU
		{C1DFF192-CDAB-4CC1-A340-F78C186EFC0A}.Debug|Any CPU.ActiveCfg = Debug|Any CPU
		{C1DFF192-CDAB-4CC1-A340-F78C186EFC0A}.Debug|Any CPU.Build.0 = Debug|Any CPU
		{C1DFF192-CDAB-4CC1-A340-F78C186EFC0A}.Release|Any CPU.ActiveCfg = Release|Any CPU
		{1A36C3B4-257F-4537-8DE4-CE319FB4BB5D}.Debug|Any CPU.ActiveCfg = Debug|Any CPU
		{1A36C3B4-257F-4537-8DE4-CE319FB4BB5D}.Debug|Any CPU.Build.0 = Debug|Any CPU
		{1A36C3B4-257F-4537-8DE4-CE319FB4BB5D}.Release|Any CPU.ActiveCfg = Release|Any CPU
		{1A36C3B4-257F-4537-8DE4-CE319FB4BB5D}.Release|Any CPU.Build.0 = Release|Any CPU
		{CC9311E1-729D-426C-BFC5-FA703C4626D2}.Debug|Any CPU.ActiveCfg = Debug|Any CPU
		{CC9311E1-729D-426C-BFC5-FA703C4626D2}.Debug|Any CPU.Build.0 = Debug|Any CPU
		{CC9311E1-729D-426C-BFC5-FA703C4626D2}.Release|Any CPU.ActiveCfg = Release|Any CPU
		{C8614ED0-89EB-48FF-9860-8CF8F9F1D39A}.Debug|Any CPU.ActiveCfg = Debug|Any CPU
		{C8614ED0-89EB-48FF-9860-8CF8F9F1D39A}.Debug|Any CPU.Build.0 = Debug|Any CPU
		{C8614ED0-89EB-48FF-9860-8CF8F9F1D39A}.Release|Any CPU.ActiveCfg = Release|Any CPU
		{C8614ED0-89EB-48FF-9860-8CF8F9F1D39A}.Release|Any CPU.Build.0 = Release|Any CPU
		{81419EA1-77B0-4D51-A331-453026336251}.Debug|Any CPU.ActiveCfg = Debug|Any CPU
		{81419EA1-77B0-4D51-A331-453026336251}.Debug|Any CPU.Build.0 = Debug|Any CPU
		{81419EA1-77B0-4D51-A331-453026336251}.Release|Any CPU.ActiveCfg = Release|Any CPU
		{0E1D5558-3631-4850-81BE-27F096B6A015}.Debug|Any CPU.ActiveCfg = Debug|Any CPU
		{0E1D5558-3631-4850-81BE-27F096B6A015}.Debug|Any CPU.Build.0 = Debug|Any CPU
		{0E1D5558-3631-4850-81BE-27F096B6A015}.Release|Any CPU.ActiveCfg = Release|Any CPU
		{0E1D5558-3631-4850-81BE-27F096B6A015}.Release|Any CPU.Build.0 = Release|Any CPU
		{13A54C92-754F-488B-9619-0A3D103FA217}.Debug|Any CPU.ActiveCfg = Debug|Any CPU
		{13A54C92-754F-488B-9619-0A3D103FA217}.Debug|Any CPU.Build.0 = Debug|Any CPU
		{13A54C92-754F-488B-9619-0A3D103FA217}.Release|Any CPU.ActiveCfg = Release|Any CPU
		{1398AC6D-A247-4503-A5B0-6E8A398DF182}.Debug|Any CPU.ActiveCfg = Debug|Any CPU
		{1398AC6D-A247-4503-A5B0-6E8A398DF182}.Debug|Any CPU.Build.0 = Debug|Any CPU
		{1398AC6D-A247-4503-A5B0-6E8A398DF182}.Release|Any CPU.ActiveCfg = Release|Any CPU
		{1398AC6D-A247-4503-A5B0-6E8A398DF182}.Release|Any CPU.Build.0 = Release|Any CPU
		{5A200FEC-F723-4A85-86DA-3F6E246FE273}.Debug|Any CPU.ActiveCfg = Debug|Any CPU
		{5A200FEC-F723-4A85-86DA-3F6E246FE273}.Debug|Any CPU.Build.0 = Debug|Any CPU
		{5A200FEC-F723-4A85-86DA-3F6E246FE273}.Release|Any CPU.ActiveCfg = Release|Any CPU
		{275DEE86-1EEA-47C4-A9C5-797DF20EC8A7}.Debug|Any CPU.ActiveCfg = Debug|Any CPU
		{275DEE86-1EEA-47C4-A9C5-797DF20EC8A7}.Debug|Any CPU.Build.0 = Debug|Any CPU
		{275DEE86-1EEA-47C4-A9C5-797DF20EC8A7}.Release|Any CPU.ActiveCfg = Release|Any CPU
		{275DEE86-1EEA-47C4-A9C5-797DF20EC8A7}.Release|Any CPU.Build.0 = Release|Any CPU
		{8E25CDE3-992D-4942-8C38-51A0D8E8EB70}.Debug|Any CPU.ActiveCfg = Debug|Any CPU
		{8E25CDE3-992D-4942-8C38-51A0D8E8EB70}.Debug|Any CPU.Build.0 = Debug|Any CPU
		{8E25CDE3-992D-4942-8C38-51A0D8E8EB70}.Release|Any CPU.ActiveCfg = Release|Any CPU
		{8E25CDE3-992D-4942-8C38-51A0D8E8EB70}.Release|Any CPU.Build.0 = Release|Any CPU
		{CEEE435F-32FC-4DE5-8735-90F6AC950A01}.Debug|Any CPU.ActiveCfg = Debug|Any CPU
		{CEEE435F-32FC-4DE5-8735-90F6AC950A01}.Debug|Any CPU.Build.0 = Debug|Any CPU
		{CEEE435F-32FC-4DE5-8735-90F6AC950A01}.Release|Any CPU.ActiveCfg = Release|Any CPU
		{2E45EA2A-06E9-4551-9A1B-179835F47A39}.Debug|Any CPU.ActiveCfg = Debug|Any CPU
		{2E45EA2A-06E9-4551-9A1B-179835F47A39}.Debug|Any CPU.Build.0 = Debug|Any CPU
		{2E45EA2A-06E9-4551-9A1B-179835F47A39}.Release|Any CPU.ActiveCfg = Release|Any CPU
		{2E45EA2A-06E9-4551-9A1B-179835F47A39}.Release|Any CPU.Build.0 = Release|Any CPU
		{2DF8844C-8FEB-4B15-A7AD-1E377D5BBDFF}.Debug|Any CPU.ActiveCfg = Debug|Any CPU
		{2DF8844C-8FEB-4B15-A7AD-1E377D5BBDFF}.Debug|Any CPU.Build.0 = Debug|Any CPU
		{2DF8844C-8FEB-4B15-A7AD-1E377D5BBDFF}.Release|Any CPU.ActiveCfg = Release|Any CPU
		{2DF8844C-8FEB-4B15-A7AD-1E377D5BBDFF}.Release|Any CPU.Build.0 = Release|Any CPU
		{0907481A-CED8-4BEC-8E96-31D6B2BDE9CD}.Debug|Any CPU.ActiveCfg = Debug|Any CPU
		{0907481A-CED8-4BEC-8E96-31D6B2BDE9CD}.Debug|Any CPU.Build.0 = Debug|Any CPU
		{0907481A-CED8-4BEC-8E96-31D6B2BDE9CD}.Release|Any CPU.ActiveCfg = Release|Any CPU
		{0907481A-CED8-4BEC-8E96-31D6B2BDE9CD}.Release|Any CPU.Build.0 = Release|Any CPU
		{66CBFE14-5F59-4799-ABD6-176EC2D8A998}.Debug|Any CPU.ActiveCfg = Debug|Any CPU
		{66CBFE14-5F59-4799-ABD6-176EC2D8A998}.Debug|Any CPU.Build.0 = Debug|Any CPU
		{66CBFE14-5F59-4799-ABD6-176EC2D8A998}.Release|Any CPU.ActiveCfg = Release|Any CPU
		{66CBFE14-5F59-4799-ABD6-176EC2D8A998}.Release|Any CPU.Build.0 = Release|Any CPU
		{310937CF-4E40-4A28-B5CF-8670028A81D9}.Debug|Any CPU.ActiveCfg = Debug|Any CPU
		{310937CF-4E40-4A28-B5CF-8670028A81D9}.Debug|Any CPU.Build.0 = Debug|Any CPU
		{310937CF-4E40-4A28-B5CF-8670028A81D9}.Release|Any CPU.ActiveCfg = Release|Any CPU
		{310937CF-4E40-4A28-B5CF-8670028A81D9}.Release|Any CPU.Build.0 = Release|Any CPU
		{6B0BF31A-2FAE-49AB-A838-E32146E869AE}.Debug|Any CPU.ActiveCfg = Debug|Any CPU
		{6B0BF31A-2FAE-49AB-A838-E32146E869AE}.Debug|Any CPU.Build.0 = Debug|Any CPU
		{6B0BF31A-2FAE-49AB-A838-E32146E869AE}.Release|Any CPU.ActiveCfg = Release|Any CPU
		{6B0BF31A-2FAE-49AB-A838-E32146E869AE}.Release|Any CPU.Build.0 = Release|Any CPU
		{ABE001CF-C9E2-4F3F-80F8-59328B2E2BBA}.Debug|Any CPU.ActiveCfg = Debug|Any CPU
		{ABE001CF-C9E2-4F3F-80F8-59328B2E2BBA}.Debug|Any CPU.Build.0 = Debug|Any CPU
		{ABE001CF-C9E2-4F3F-80F8-59328B2E2BBA}.Release|Any CPU.ActiveCfg = Release|Any CPU
		{ABE001CF-C9E2-4F3F-80F8-59328B2E2BBA}.Release|Any CPU.Build.0 = Release|Any CPU
		{4C5BC2C1-A4AC-4EB4-9BD7-2D76AECD3FAE}.Debug|Any CPU.ActiveCfg = Debug|Any CPU
		{4C5BC2C1-A4AC-4EB4-9BD7-2D76AECD3FAE}.Debug|Any CPU.Build.0 = Debug|Any CPU
		{4C5BC2C1-A4AC-4EB4-9BD7-2D76AECD3FAE}.Release|Any CPU.ActiveCfg = Release|Any CPU
		{4C5BC2C1-A4AC-4EB4-9BD7-2D76AECD3FAE}.Release|Any CPU.Build.0 = Release|Any CPU
		{83FAEAF2-BF8B-4D71-A77E-7650B8A163EC}.Debug|Any CPU.ActiveCfg = Debug|Any CPU
		{83FAEAF2-BF8B-4D71-A77E-7650B8A163EC}.Debug|Any CPU.Build.0 = Debug|Any CPU
		{83FAEAF2-BF8B-4D71-A77E-7650B8A163EC}.Release|Any CPU.ActiveCfg = Release|Any CPU
		{83FAEAF2-BF8B-4D71-A77E-7650B8A163EC}.Release|Any CPU.Build.0 = Release|Any CPU
		{9C778E31-10DD-47DC-9FB2-D1EB3C89B5BA}.Debug|Any CPU.ActiveCfg = Debug|Any CPU
		{9C778E31-10DD-47DC-9FB2-D1EB3C89B5BA}.Debug|Any CPU.Build.0 = Debug|Any CPU
		{9C778E31-10DD-47DC-9FB2-D1EB3C89B5BA}.Release|Any CPU.ActiveCfg = Release|Any CPU
		{9C778E31-10DD-47DC-9FB2-D1EB3C89B5BA}.Release|Any CPU.Build.0 = Release|Any CPU
		{C47EEF44-BCA5-43F4-800D-F94A2262607D}.Debug|Any CPU.ActiveCfg = Debug|Any CPU
		{C47EEF44-BCA5-43F4-800D-F94A2262607D}.Debug|Any CPU.Build.0 = Debug|Any CPU
		{C47EEF44-BCA5-43F4-800D-F94A2262607D}.Release|Any CPU.ActiveCfg = Release|Any CPU
		{C47EEF44-BCA5-43F4-800D-F94A2262607D}.Release|Any CPU.Build.0 = Release|Any CPU
		{41ACD783-1FD9-4639-848E-FD8679C1FECC}.Debug|Any CPU.ActiveCfg = Debug|Any CPU
		{41ACD783-1FD9-4639-848E-FD8679C1FECC}.Debug|Any CPU.Build.0 = Debug|Any CPU
		{41ACD783-1FD9-4639-848E-FD8679C1FECC}.Release|Any CPU.ActiveCfg = Release|Any CPU
		{41ACD783-1FD9-4639-848E-FD8679C1FECC}.Release|Any CPU.Build.0 = Release|Any CPU
		{B8E7AF38-4EEE-4400-BFC8-1C3CC8EFAB7C}.Debug|Any CPU.ActiveCfg = Debug|Any CPU
		{B8E7AF38-4EEE-4400-BFC8-1C3CC8EFAB7C}.Debug|Any CPU.Build.0 = Debug|Any CPU
		{B8E7AF38-4EEE-4400-BFC8-1C3CC8EFAB7C}.Release|Any CPU.ActiveCfg = Release|Any CPU
		{B8E7AF38-4EEE-4400-BFC8-1C3CC8EFAB7C}.Release|Any CPU.Build.0 = Release|Any CPU
		{30644708-A24A-4CFE-9C70-473E0E63E8A1}.Debug|Any CPU.ActiveCfg = Debug|Any CPU
		{30644708-A24A-4CFE-9C70-473E0E63E8A1}.Debug|Any CPU.Build.0 = Debug|Any CPU
		{30644708-A24A-4CFE-9C70-473E0E63E8A1}.Release|Any CPU.ActiveCfg = Release|Any CPU
		{30644708-A24A-4CFE-9C70-473E0E63E8A1}.Release|Any CPU.Build.0 = Release|Any CPU
		{B7C5A0E7-F844-4A2B-9D58-EB72C4CD03A2}.Debug|Any CPU.ActiveCfg = Debug|Any CPU
		{B7C5A0E7-F844-4A2B-9D58-EB72C4CD03A2}.Debug|Any CPU.Build.0 = Debug|Any CPU
		{B7C5A0E7-F844-4A2B-9D58-EB72C4CD03A2}.Release|Any CPU.ActiveCfg = Release|Any CPU
		{B7C5A0E7-F844-4A2B-9D58-EB72C4CD03A2}.Release|Any CPU.Build.0 = Release|Any CPU
		{6CD73625-33C5-4625-98D6-050A3C9D520F}.Debug|Any CPU.ActiveCfg = Debug|Any CPU
		{6CD73625-33C5-4625-98D6-050A3C9D520F}.Debug|Any CPU.Build.0 = Debug|Any CPU
		{6CD73625-33C5-4625-98D6-050A3C9D520F}.Release|Any CPU.ActiveCfg = Release|Any CPU
		{6CD73625-33C5-4625-98D6-050A3C9D520F}.Release|Any CPU.Build.0 = Release|Any CPU
		{77099E2D-9B4F-4B11-9B25-6D675B26FAD6}.Debug|Any CPU.ActiveCfg = Debug|Any CPU
		{77099E2D-9B4F-4B11-9B25-6D675B26FAD6}.Debug|Any CPU.Build.0 = Debug|Any CPU
		{77099E2D-9B4F-4B11-9B25-6D675B26FAD6}.Release|Any CPU.ActiveCfg = Release|Any CPU
		{77099E2D-9B4F-4B11-9B25-6D675B26FAD6}.Release|Any CPU.Build.0 = Release|Any CPU
		{2BB16A15-0E86-4A30-84B5-07293787DF7E}.Debug|Any CPU.ActiveCfg = Debug|Any CPU
		{2BB16A15-0E86-4A30-84B5-07293787DF7E}.Debug|Any CPU.Build.0 = Debug|Any CPU
		{2BB16A15-0E86-4A30-84B5-07293787DF7E}.Release|Any CPU.ActiveCfg = Release|Any CPU
		{2BB16A15-0E86-4A30-84B5-07293787DF7E}.Release|Any CPU.Build.0 = Release|Any CPU
		{246A04CD-CD36-44B9-A10F-B0B18125B77C}.Debug|Any CPU.ActiveCfg = Debug|Any CPU
		{246A04CD-CD36-44B9-A10F-B0B18125B77C}.Debug|Any CPU.Build.0 = Debug|Any CPU
		{246A04CD-CD36-44B9-A10F-B0B18125B77C}.Release|Any CPU.ActiveCfg = Release|Any CPU
		{246A04CD-CD36-44B9-A10F-B0B18125B77C}.Release|Any CPU.Build.0 = Release|Any CPU
		{644A8971-C9F0-4E09-A6DA-234BF50577D0}.Debug|Any CPU.ActiveCfg = Debug|Any CPU
		{644A8971-C9F0-4E09-A6DA-234BF50577D0}.Debug|Any CPU.Build.0 = Debug|Any CPU
		{644A8971-C9F0-4E09-A6DA-234BF50577D0}.Release|Any CPU.ActiveCfg = Release|Any CPU
		{644A8971-C9F0-4E09-A6DA-234BF50577D0}.Release|Any CPU.Build.0 = Release|Any CPU
		{1B924A2B-C125-42C7-81D4-CE40E628479F}.Debug|Any CPU.ActiveCfg = Debug|Any CPU
		{1B924A2B-C125-42C7-81D4-CE40E628479F}.Debug|Any CPU.Build.0 = Debug|Any CPU
		{1B924A2B-C125-42C7-81D4-CE40E628479F}.Release|Any CPU.ActiveCfg = Release|Any CPU
		{1B924A2B-C125-42C7-81D4-CE40E628479F}.Release|Any CPU.Build.0 = Release|Any CPU
		{2BE7F551-9468-44ED-AA16-4DC4C0385842}.Debug|Any CPU.ActiveCfg = Debug|Any CPU
		{2BE7F551-9468-44ED-AA16-4DC4C0385842}.Debug|Any CPU.Build.0 = Debug|Any CPU
		{2BE7F551-9468-44ED-AA16-4DC4C0385842}.Release|Any CPU.ActiveCfg = Release|Any CPU
		{2BE7F551-9468-44ED-AA16-4DC4C0385842}.Release|Any CPU.Build.0 = Release|Any CPU
		{1F8DC6A9-0D35-4739-BEE3-501867C72E90}.Debug|Any CPU.ActiveCfg = Debug|Any CPU
		{1F8DC6A9-0D35-4739-BEE3-501867C72E90}.Debug|Any CPU.Build.0 = Debug|Any CPU
		{1F8DC6A9-0D35-4739-BEE3-501867C72E90}.Release|Any CPU.ActiveCfg = Release|Any CPU
		{1F8DC6A9-0D35-4739-BEE3-501867C72E90}.Release|Any CPU.Build.0 = Release|Any CPU
		{597A3110-3363-4910-B451-916702E9AAA4}.Debug|Any CPU.ActiveCfg = Debug|Any CPU
		{597A3110-3363-4910-B451-916702E9AAA4}.Debug|Any CPU.Build.0 = Debug|Any CPU
		{597A3110-3363-4910-B451-916702E9AAA4}.Release|Any CPU.ActiveCfg = Release|Any CPU
		{597A3110-3363-4910-B451-916702E9AAA4}.Release|Any CPU.Build.0 = Release|Any CPU
		{0180A4CD-CD56-4C22-B53E-1DE0E52DCED9}.Debug|Any CPU.ActiveCfg = Debug|Any CPU
		{0180A4CD-CD56-4C22-B53E-1DE0E52DCED9}.Debug|Any CPU.Build.0 = Debug|Any CPU
		{0180A4CD-CD56-4C22-B53E-1DE0E52DCED9}.Release|Any CPU.ActiveCfg = Release|Any CPU
		{0180A4CD-CD56-4C22-B53E-1DE0E52DCED9}.Release|Any CPU.Build.0 = Release|Any CPU
		{84818D22-861A-47EA-8005-61426DFB89FB}.Debug|Any CPU.ActiveCfg = Debug|Any CPU
		{84818D22-861A-47EA-8005-61426DFB89FB}.Debug|Any CPU.Build.0 = Debug|Any CPU
		{84818D22-861A-47EA-8005-61426DFB89FB}.Release|Any CPU.ActiveCfg = Release|Any CPU
		{84818D22-861A-47EA-8005-61426DFB89FB}.Release|Any CPU.Build.0 = Release|Any CPU
		{89D6AEA2-D2C3-4ED8-A4F0-D2C9BD75DCE0}.Debug|Any CPU.ActiveCfg = Debug|Any CPU
		{89D6AEA2-D2C3-4ED8-A4F0-D2C9BD75DCE0}.Debug|Any CPU.Build.0 = Debug|Any CPU
		{89D6AEA2-D2C3-4ED8-A4F0-D2C9BD75DCE0}.Release|Any CPU.ActiveCfg = Release|Any CPU
		{89D6AEA2-D2C3-4ED8-A4F0-D2C9BD75DCE0}.Release|Any CPU.Build.0 = Release|Any CPU
		{B2ADC8B7-7DCF-4657-B34A-F202E7FC5AB8}.Debug|Any CPU.ActiveCfg = Debug|Any CPU
		{B2ADC8B7-7DCF-4657-B34A-F202E7FC5AB8}.Debug|Any CPU.Build.0 = Debug|Any CPU
		{B2ADC8B7-7DCF-4657-B34A-F202E7FC5AB8}.Release|Any CPU.ActiveCfg = Release|Any CPU
		{B2ADC8B7-7DCF-4657-B34A-F202E7FC5AB8}.Release|Any CPU.Build.0 = Release|Any CPU
		{0880D280-7EF2-45B2-B9D1-803F441E7DEF}.Debug|Any CPU.ActiveCfg = Debug|Any CPU
		{0880D280-7EF2-45B2-B9D1-803F441E7DEF}.Debug|Any CPU.Build.0 = Debug|Any CPU
		{0880D280-7EF2-45B2-B9D1-803F441E7DEF}.Release|Any CPU.ActiveCfg = Release|Any CPU
		{0880D280-7EF2-45B2-B9D1-803F441E7DEF}.Release|Any CPU.Build.0 = Release|Any CPU
		{D3C4B21A-D79C-4DF9-919B-466680654C6B}.Debug|Any CPU.ActiveCfg = Debug|Any CPU
		{D3C4B21A-D79C-4DF9-919B-466680654C6B}.Debug|Any CPU.Build.0 = Debug|Any CPU
		{D3C4B21A-D79C-4DF9-919B-466680654C6B}.Release|Any CPU.ActiveCfg = Release|Any CPU
		{D3C4B21A-D79C-4DF9-919B-466680654C6B}.Release|Any CPU.Build.0 = Release|Any CPU
		{292B1759-B5A2-4A26-BB44-A039488D044F}.Debug|Any CPU.ActiveCfg = Debug|Any CPU
		{292B1759-B5A2-4A26-BB44-A039488D044F}.Debug|Any CPU.Build.0 = Debug|Any CPU
		{292B1759-B5A2-4A26-BB44-A039488D044F}.Release|Any CPU.ActiveCfg = Release|Any CPU
		{292B1759-B5A2-4A26-BB44-A039488D044F}.Release|Any CPU.Build.0 = Release|Any CPU
		{A2D72CEF-7CB6-439D-A875-22DB39899969}.Debug|Any CPU.ActiveCfg = Debug|Any CPU
		{A2D72CEF-7CB6-439D-A875-22DB39899969}.Debug|Any CPU.Build.0 = Debug|Any CPU
		{A2D72CEF-7CB6-439D-A875-22DB39899969}.Release|Any CPU.ActiveCfg = Release|Any CPU
		{A2D72CEF-7CB6-439D-A875-22DB39899969}.Release|Any CPU.Build.0 = Release|Any CPU
		{CAD27793-E63B-4579-B6A8-31FAA9AC8BE4}.Debug|Any CPU.ActiveCfg = Debug|Any CPU
		{CAD27793-E63B-4579-B6A8-31FAA9AC8BE4}.Debug|Any CPU.Build.0 = Debug|Any CPU
		{CAD27793-E63B-4579-B6A8-31FAA9AC8BE4}.Release|Any CPU.ActiveCfg = Release|Any CPU
		{CAD27793-E63B-4579-B6A8-31FAA9AC8BE4}.Release|Any CPU.Build.0 = Release|Any CPU
		{AF7EF6AC-351A-48DD-9309-2ABA81F1FDFE}.Debug|Any CPU.ActiveCfg = Debug|Any CPU
		{AF7EF6AC-351A-48DD-9309-2ABA81F1FDFE}.Debug|Any CPU.Build.0 = Debug|Any CPU
		{AF7EF6AC-351A-48DD-9309-2ABA81F1FDFE}.Release|Any CPU.ActiveCfg = Release|Any CPU
		{AF7EF6AC-351A-48DD-9309-2ABA81F1FDFE}.Release|Any CPU.Build.0 = Release|Any CPU
		{F3FE1A48-9535-4CD2-8DC6-C35855D59602}.Debug|Any CPU.ActiveCfg = Debug|Any CPU
		{F3FE1A48-9535-4CD2-8DC6-C35855D59602}.Debug|Any CPU.Build.0 = Debug|Any CPU
		{F3FE1A48-9535-4CD2-8DC6-C35855D59602}.Release|Any CPU.ActiveCfg = Release|Any CPU
		{F3FE1A48-9535-4CD2-8DC6-C35855D59602}.Release|Any CPU.Build.0 = Release|Any CPU
	EndGlobalSection
	GlobalSection(SolutionProperties) = preSolution
		HideSolutionNode = FALSE
	EndGlobalSection
	GlobalSection(NestedProjects) = preSolution
		{A48437BA-3C5B-431E-9B2F-96C850E9E1A5} = {537FA828-124D-4C70-9FC1-89301D9E776D}
		{3AE168FC-23DB-4BB6-9A85-C6D2055BADEB} = {537FA828-124D-4C70-9FC1-89301D9E776D}
		{9C260BF0-1CCA-45A2-AAB8-6419291B8B88} = {662CE01D-7A7F-48D8-80CE-5DC9C60677E8}
		{F94CC11B-7FA5-4CF0-9103-2B89BE631AB0} = {3839DB7F-C289-4C1A-9D70-11DF35F139E0}
		{873E717F-49D6-41E2-B073-6474B160A0F2} = {3839DB7F-C289-4C1A-9D70-11DF35F139E0}
		{3308B8AE-2B01-4140-BC8B-DD0AADA5530C} = {A48437BA-3C5B-431E-9B2F-96C850E9E1A5}
		{80F6B034-D570-4A50-B178-464996A1BC43} = {A48437BA-3C5B-431E-9B2F-96C850E9E1A5}
		{933EA769-2D37-42C3-BBEF-8D2E0DF76AAB} = {3AE168FC-23DB-4BB6-9A85-C6D2055BADEB}
		{E35FEBBE-F360-4472-90E0-D10D95D4A8FD} = {3AE168FC-23DB-4BB6-9A85-C6D2055BADEB}
		{F99E80F7-86D5-4E78-9FAB-6F1459F01E2F} = {F94CC11B-7FA5-4CF0-9103-2B89BE631AB0}
		{82CFD984-1D5A-4848-A8EE-7018C35AA289} = {3839DB7F-C289-4C1A-9D70-11DF35F139E0}
		{A817DDB5-67E5-41A0-982B-62F2E1DFC191} = {F94CC11B-7FA5-4CF0-9103-2B89BE631AB0}
		{AD108C3E-F395-4DDF-ADFA-645D14B6E952} = {873E717F-49D6-41E2-B073-6474B160A0F2}
		{C1DFF192-CDAB-4CC1-A340-F78C186EFC0A} = {873E717F-49D6-41E2-B073-6474B160A0F2}
		{BD2CD647-FA82-4E3F-8067-DB8FCAE908E5} = {82CFD984-1D5A-4848-A8EE-7018C35AA289}
		{1C780497-9CEB-485F-97DA-4616992554DF} = {82CFD984-1D5A-4848-A8EE-7018C35AA289}
		{EEFED918-4D98-4DB9-9C36-117056A46CED} = {82CFD984-1D5A-4848-A8EE-7018C35AA289}
		{1A36C3B4-257F-4537-8DE4-CE319FB4BB5D} = {BD2CD647-FA82-4E3F-8067-DB8FCAE908E5}
		{CC9311E1-729D-426C-BFC5-FA703C4626D2} = {BD2CD647-FA82-4E3F-8067-DB8FCAE908E5}
		{C8614ED0-89EB-48FF-9860-8CF8F9F1D39A} = {EEFED918-4D98-4DB9-9C36-117056A46CED}
		{81419EA1-77B0-4D51-A331-453026336251} = {EEFED918-4D98-4DB9-9C36-117056A46CED}
		{0E1D5558-3631-4850-81BE-27F096B6A015} = {1C780497-9CEB-485F-97DA-4616992554DF}
		{13A54C92-754F-488B-9619-0A3D103FA217} = {1C780497-9CEB-485F-97DA-4616992554DF}
		{4CF9A9B8-9D3F-44F6-B965-DF2B7EEA024E} = {96531499-C8F4-4F77-88DD-9F9585B5E565}
		{1398AC6D-A247-4503-A5B0-6E8A398DF182} = {4CF9A9B8-9D3F-44F6-B965-DF2B7EEA024E}
		{5A200FEC-F723-4A85-86DA-3F6E246FE273} = {4CF9A9B8-9D3F-44F6-B965-DF2B7EEA024E}
		{275DEE86-1EEA-47C4-A9C5-797DF20EC8A7} = {3AA089A9-A035-439E-BAF6-C3975A334379}
		{8E25CDE3-992D-4942-8C38-51A0D8E8EB70} = {9C260BF0-1CCA-45A2-AAB8-6419291B8B88}
		{CEEE435F-32FC-4DE5-8735-90F6AC950A01} = {3AA089A9-A035-439E-BAF6-C3975A334379}
		{0F7F505C-CB9A-4CFD-855C-BDB0A9067AD1} = {A48437BA-3C5B-431E-9B2F-96C850E9E1A5}
		{2E45EA2A-06E9-4551-9A1B-179835F47A39} = {FA7C7E33-CC9C-4ACD-A761-C2B4C55E82F6}
		{FA7C7E33-CC9C-4ACD-A761-C2B4C55E82F6} = {0F7F505C-CB9A-4CFD-855C-BDB0A9067AD1}
		{9BEF9B8B-7800-4C14-819F-F736DB4F1426} = {0F7F505C-CB9A-4CFD-855C-BDB0A9067AD1}
		{89BC5146-6077-4B23-9538-4C546E212C44} = {0F7F505C-CB9A-4CFD-855C-BDB0A9067AD1}
		{0907481A-CED8-4BEC-8E96-31D6B2BDE9CD} = {9BEF9B8B-7800-4C14-819F-F736DB4F1426}
		{66CBFE14-5F59-4799-ABD6-176EC2D8A998} = {9BEF9B8B-7800-4C14-819F-F736DB4F1426}
		{310937CF-4E40-4A28-B5CF-8670028A81D9} = {9BEF9B8B-7800-4C14-819F-F736DB4F1426}
		{6B0BF31A-2FAE-49AB-A838-E32146E869AE} = {9BEF9B8B-7800-4C14-819F-F736DB4F1426}
		{ABE001CF-C9E2-4F3F-80F8-59328B2E2BBA} = {FA7C7E33-CC9C-4ACD-A761-C2B4C55E82F6}
		{FF919D6B-5D2B-4DC0-80F6-5F5E9AD7068E} = {89BC5146-6077-4B23-9538-4C546E212C44}
		{4C5BC2C1-A4AC-4EB4-9BD7-2D76AECD3FAE} = {FF919D6B-5D2B-4DC0-80F6-5F5E9AD7068E}
		{83FAEAF2-BF8B-4D71-A77E-7650B8A163EC} = {FF919D6B-5D2B-4DC0-80F6-5F5E9AD7068E}
		{9C778E31-10DD-47DC-9FB2-D1EB3C89B5BA} = {FF919D6B-5D2B-4DC0-80F6-5F5E9AD7068E}
		{8392017A-8EDC-4CB8-8062-EDCEF87E9686} = {3AE168FC-23DB-4BB6-9A85-C6D2055BADEB}
		{E94FE5CB-3D5E-4E2E-97F6-73D27E1F6491} = {8392017A-8EDC-4CB8-8062-EDCEF87E9686}
		{73EFBF28-CA06-4A08-88BC-CCDA2C498C76} = {8392017A-8EDC-4CB8-8062-EDCEF87E9686}
		{C221CC77-6882-4103-A411-682F0DC6CD1F} = {8392017A-8EDC-4CB8-8062-EDCEF87E9686}
		{C47EEF44-BCA5-43F4-800D-F94A2262607D} = {E94FE5CB-3D5E-4E2E-97F6-73D27E1F6491}
		{41ACD783-1FD9-4639-848E-FD8679C1FECC} = {E94FE5CB-3D5E-4E2E-97F6-73D27E1F6491}
		{B8E7AF38-4EEE-4400-BFC8-1C3CC8EFAB7C} = {E94FE5CB-3D5E-4E2E-97F6-73D27E1F6491}
		{30644708-A24A-4CFE-9C70-473E0E63E8A1} = {E94FE5CB-3D5E-4E2E-97F6-73D27E1F6491}
		{B7C5A0E7-F844-4A2B-9D58-EB72C4CD03A2} = {73EFBF28-CA06-4A08-88BC-CCDA2C498C76}
		{6CD73625-33C5-4625-98D6-050A3C9D520F} = {73EFBF28-CA06-4A08-88BC-CCDA2C498C76}
		{77099E2D-9B4F-4B11-9B25-6D675B26FAD6} = {73EFBF28-CA06-4A08-88BC-CCDA2C498C76}
		{2BB16A15-0E86-4A30-84B5-07293787DF7E} = {73EFBF28-CA06-4A08-88BC-CCDA2C498C76}
		{246A04CD-CD36-44B9-A10F-B0B18125B77C} = {73EFBF28-CA06-4A08-88BC-CCDA2C498C76}
		{644A8971-C9F0-4E09-A6DA-234BF50577D0} = {73EFBF28-CA06-4A08-88BC-CCDA2C498C76}
		{1B924A2B-C125-42C7-81D4-CE40E628479F} = {73EFBF28-CA06-4A08-88BC-CCDA2C498C76}
		{15B8473E-CD41-4549-8965-33C84B9CFDE0} = {C221CC77-6882-4103-A411-682F0DC6CD1F}
		{8A0B7C0A-13B6-4C50-9257-22EBAFAAF135} = {C221CC77-6882-4103-A411-682F0DC6CD1F}
		{2BE7F551-9468-44ED-AA16-4DC4C0385842} = {15B8473E-CD41-4549-8965-33C84B9CFDE0}
		{1F8DC6A9-0D35-4739-BEE3-501867C72E90} = {15B8473E-CD41-4549-8965-33C84B9CFDE0}
		{597A3110-3363-4910-B451-916702E9AAA4} = {8A0B7C0A-13B6-4C50-9257-22EBAFAAF135}
		{0180A4CD-CD56-4C22-B53E-1DE0E52DCED9} = {8A0B7C0A-13B6-4C50-9257-22EBAFAAF135}
		{60C4870C-3D21-4F32-ADDD-CDA729C40183} = {9BEF9B8B-7800-4C14-819F-F736DB4F1426}
		{84818D22-861A-47EA-8005-61426DFB89FB} = {60C4870C-3D21-4F32-ADDD-CDA729C40183}
		{89D6AEA2-D2C3-4ED8-A4F0-D2C9BD75DCE0} = {60C4870C-3D21-4F32-ADDD-CDA729C40183}
		{B2ADC8B7-7DCF-4657-B34A-F202E7FC5AB8} = {E94FE5CB-3D5E-4E2E-97F6-73D27E1F6491}
		{0880D280-7EF2-45B2-B9D1-803F441E7DEF} = {9BEF9B8B-7800-4C14-819F-F736DB4F1426}
		{D3C4B21A-D79C-4DF9-919B-466680654C6B} = {9BEF9B8B-7800-4C14-819F-F736DB4F1426}
		{292B1759-B5A2-4A26-BB44-A039488D044F} = {9BEF9B8B-7800-4C14-819F-F736DB4F1426}
		{A2D72CEF-7CB6-439D-A875-22DB39899969} = {F75B3567-DCC4-49E9-A3D9-4A56E7557F13}
		{8F9D9145-B786-4A2C-9A59-E1C33E07F5A2} = {F94CC11B-7FA5-4CF0-9103-2B89BE631AB0}
		{CAD27793-E63B-4579-B6A8-31FAA9AC8BE4} = {F75B3567-DCC4-49E9-A3D9-4A56E7557F13}
		{F75B3567-DCC4-49E9-A3D9-4A56E7557F13} = {8F9D9145-B786-4A2C-9A59-E1C33E07F5A2}
		{464E5F28-748B-4A6C-94B8-A5725F57F62C} = {8F9D9145-B786-4A2C-9A59-E1C33E07F5A2}
		{AF7EF6AC-351A-48DD-9309-2ABA81F1FDFE} = {464E5F28-748B-4A6C-94B8-A5725F57F62C}
		{F3FE1A48-9535-4CD2-8DC6-C35855D59602} = {464E5F28-748B-4A6C-94B8-A5725F57F62C}
	EndGlobalSection
	GlobalSection(ExtensibilityGlobals) = postSolution
		SolutionGuid = {AF61665D-340A-494B-9705-571456BDC752}
	EndGlobalSection
EndGlobal
