
Microsoft Visual Studio Solution File, Format Version 12.00
# Visual Studio Version 17
VisualStudioVersion = 17.0.31919.166
MinimumVisualStudioVersion = 10.0.40219.1
Project("{9A19103F-16F7-4668-BE54-9A1E7A4F7556}") = "X509Sample", "X509Sample\X509Sample.csproj", "{65C39A45-983D-4F0A-B839-F9109241C803}"
EndProject
Project("{9A19103F-16F7-4668-BE54-9A1E7A4F7556}") = "ComputeDerivedSymmetricKeySample", "ComputeDerivedSymmetricKeySample\ComputeDerivedSymmetricKeySample.csproj", "{3557CC19-72B6-462E-9BF4-E3675D54E67F}"
EndProject
Global
	GlobalSection(SolutionConfigurationPlatforms) = preSolution
		Debug|Any CPU = Debug|Any CPU
		Release|Any CPU = Release|Any CPU
	EndGlobalSection
	GlobalSection(ProjectConfigurationPlatforms) = postSolution
		{65C39A45-983D-4F0A-B839-F9109241C803}.Debug|Any CPU.ActiveCfg = Debug|Any CPU
		{65C39A45-983D-4F0A-B839-F9109241C803}.Debug|Any CPU.Build.0 = Debug|Any CPU
		{65C39A45-983D-4F0A-B839-F9109241C803}.Release|Any CPU.ActiveCfg = Release|Any CPU
		{65C39A45-983D-4F0A-B839-F9109241C803}.Release|Any CPU.Build.0 = Release|Any CPU
		{3557CC19-72B6-462E-9BF4-E3675D54E67F}.Debug|Any CPU.ActiveCfg = Debug|Any CPU
		{3557CC19-72B6-462E-9BF4-E3675D54E67F}.Debug|Any CPU.Build.0 = Debug|Any CPU
		{3557CC19-72B6-462E-9BF4-E3675D54E67F}.Release|Any CPU.ActiveCfg = Release|Any CPU
		{3557CC19-72B6-462E-9BF4-E3675D54E67F}.Release|Any CPU.Build.0 = Release|Any CPU
	EndGlobalSection
	GlobalSection(SolutionProperties) = preSolution
		HideSolutionNode = FALSE
	EndGlobalSection
	GlobalSection(ExtensibilityGlobals) = postSolution
		SolutionGuid = {88111BA1-4E11-436B-B373-4D0205BDFEDA}
	EndGlobalSection
EndGlobal
