
Microsoft Visual Studio Solution File, Format Version 12.00
# Visual Studio 15
VisualStudioVersion = 15.0.27428.2005
MinimumVisualStudioVersion = 10.0.40219.1
Project("{FAE04EC0-301F-11D3-BF4B-00C04F79EFBC}") = "SimulatedDevice", "SimulatedDevice\SimulatedDevice.csproj", "{7A6973B3-9375-47E4-A593-B86A3514841A}"
EndProject
Global
	GlobalSection(SolutionConfigurationPlatforms) = preSolution
		Debug|Any CPU = Debug|Any CPU
		Release|Any CPU = Release|Any CPU
	EndGlobalSection
	GlobalSection(ProjectConfigurationPlatforms) = postSolution
		{7A6973B3-9375-47E4-A593-B86A3514841A}.Debug|Any CPU.ActiveCfg = Debug|Any CPU
		{7A6973B3-9375-47E4-A593-B86A3514841A}.Debug|Any CPU.Build.0 = Debug|Any CPU
		{7A6973B3-9375-47E4-A593-B86A3514841A}.Release|Any CPU.ActiveCfg = Release|Any CPU
		{7A6973B3-9375-47E4-A593-B86A3514841A}.Release|Any CPU.Build.0 = Release|Any CPU
	EndGlobalSection
	GlobalSection(SolutionProperties) = preSolution
		HideSolutionNode = FALSE
	EndGlobalSection
	GlobalSection(ExtensibilityGlobals) = postSolution
		SolutionGuid = {75D6C41B-4AA6-4E02-B353-34F9E0702263}
	EndGlobalSection
EndGlobal
