
Microsoft Visual Studio Solution File, Format Version 12.00
# Visual Studio Version 16
VisualStudioVersion = 16.0.30523.141
MinimumVisualStudioVersion = 15.0.26124.0
Project("{9A19103F-16F7-4668-BE54-9A1E7A4F7556}") = "ModuleSample", "ModuleSample\ModuleSample.csproj", "{4AF90C42-AD0A-4BB0-BFB6-CDD894A43252}"
EndProject
Project("{9A19103F-16F7-4668-BE54-9A1E7A4F7556}") = "ColorConsoleLogger", "..\..\..\helpers\ColorConsoleLogger\ColorConsoleLogger.csproj", "{52140ADA-52E1-4C10-82BE-18AF86E02AC9}"
EndProject
Global
	GlobalSection(SolutionConfigurationPlatforms) = preSolution
		Debug|Any CPU = Debug|Any CPU
		Debug|x64 = Debug|x64
		Debug|x86 = Debug|x86
		Release|Any CPU = Release|Any CPU
		Release|x64 = Release|x64
		Release|x86 = Release|x86
	EndGlobalSection
	GlobalSection(ProjectConfigurationPlatforms) = postSolution
		{4AF90C42-AD0A-4BB0-BFB6-CDD894A43252}.Debug|Any CPU.ActiveCfg = Debug|Any CPU
		{4AF90C42-AD0A-4BB0-BFB6-CDD894A43252}.Debug|Any CPU.Build.0 = Debug|Any CPU
		{4AF90C42-AD0A-4BB0-BFB6-CDD894A43252}.Debug|x64.ActiveCfg = Debug|Any CPU
		{4AF90C42-AD0A-4BB0-BFB6-CDD894A43252}.Debug|x64.Build.0 = Debug|Any CPU
		{4AF90C42-AD0A-4BB0-BFB6-CDD894A43252}.Debug|x86.ActiveCfg = Debug|Any CPU
		{4AF90C42-AD0A-4BB0-BFB6-CDD894A43252}.Debug|x86.Build.0 = Debug|Any CPU
		{4AF90C42-AD0A-4BB0-BFB6-CDD894A43252}.Release|Any CPU.ActiveCfg = Release|Any CPU
		{4AF90C42-AD0A-4BB0-BFB6-CDD894A43252}.Release|Any CPU.Build.0 = Release|Any CPU
		{4AF90C42-AD0A-4BB0-BFB6-CDD894A43252}.Release|x64.ActiveCfg = Release|Any CPU
		{4AF90C42-AD0A-4BB0-BFB6-CDD894A43252}.Release|x64.Build.0 = Release|Any CPU
		{4AF90C42-AD0A-4BB0-BFB6-CDD894A43252}.Release|x86.ActiveCfg = Release|Any CPU
		{4AF90C42-AD0A-4BB0-BFB6-CDD894A43252}.Release|x86.Build.0 = Release|Any CPU
		{52140ADA-52E1-4C10-82BE-18AF86E02AC9}.Debug|Any CPU.ActiveCfg = Debug|Any CPU
		{52140ADA-52E1-4C10-82BE-18AF86E02AC9}.Debug|Any CPU.Build.0 = Debug|Any CPU
		{52140ADA-52E1-4C10-82BE-18AF86E02AC9}.Debug|x64.ActiveCfg = Debug|Any CPU
		{52140ADA-52E1-4C10-82BE-18AF86E02AC9}.Debug|x64.Build.0 = Debug|Any CPU
		{52140ADA-52E1-4C10-82BE-18AF86E02AC9}.Debug|x86.ActiveCfg = Debug|Any CPU
		{52140ADA-52E1-4C10-82BE-18AF86E02AC9}.Debug|x86.Build.0 = Debug|Any CPU
		{52140ADA-52E1-4C10-82BE-18AF86E02AC9}.Release|Any CPU.ActiveCfg = Release|Any CPU
		{52140ADA-52E1-4C10-82BE-18AF86E02AC9}.Release|Any CPU.Build.0 = Release|Any CPU
		{52140ADA-52E1-4C10-82BE-18AF86E02AC9}.Release|x64.ActiveCfg = Release|Any CPU
		{52140ADA-52E1-4C10-82BE-18AF86E02AC9}.Release|x64.Build.0 = Release|Any CPU
		{52140ADA-52E1-4C10-82BE-18AF86E02AC9}.Release|x86.ActiveCfg = Release|Any CPU
		{52140ADA-52E1-4C10-82BE-18AF86E02AC9}.Release|x86.Build.0 = Release|Any CPU
	EndGlobalSection
	GlobalSection(SolutionProperties) = preSolution
		HideSolutionNode = FALSE
	EndGlobalSection
	GlobalSection(ExtensibilityGlobals) = postSolution
		SolutionGuid = {D3D63C1F-A5AA-42A8-A880-B15D1409F8B2}
	EndGlobalSection
EndGlobal
