
Microsoft Visual Studio Solution File, Format Version 12.00
# Visual Studio 15
VisualStudioVersion = 15.0.26730.16
MinimumVisualStudioVersion = 10.0.40219.1
Project("{2150E333-8FDC-42A3-9474-1A3956D46DE8}") = "src", "src", "{19A7EA28-F4A4-426E-9343-D9EE5C3F679D}"
EndProject
Project("{2150E333-8FDC-42A3-9474-1A3956D46DE8}") = "tests", "tests", "{5169D289-68A3-402C-85C3-7BBF98C976FF}"
EndProject
Project("{9A19103F-16F7-4668-BE54-9A1E7A4F7556}") = "Microsoft.Azure.Devices.Provisioning.Client", "src\Microsoft.Azure.Devices.Provisioning.Client.csproj", "{2DFE4F39-7EC5-42CC-9B79-E271603A4D1A}"
EndProject
Project("{9A19103F-16F7-4668-BE54-9A1E7A4F7556}") = "Microsoft.Azure.Devices.Provisioning.Client.UnitTests", "tests\Microsoft.Azure.Devices.Provisioning.Client.UnitTests.csproj", "{EB76B7C4-D21F-40D5-84D7-A43D93A3BE85}"
EndProject
Project("{2150E333-8FDC-42A3-9474-1A3956D46DE8}") = "inc_int", "inc_int", "{4D71317B-7058-499A-B245-B8F523694E6C}"
EndProject
Project("{9A19103F-16F7-4668-BE54-9A1E7A4F7556}") = "Microsoft.Azure.Devices.Shared.NetStandard", "..\..\shared\Microsoft.Azure.Devices.Shared.NetStandard\Microsoft.Azure.Devices.Shared.NetStandard.csproj", "{91DFB837-D8A3-4F54-AE0D-45C95ACD0C2A}"
EndProject
Project("{2150E333-8FDC-42A3-9474-1A3956D46DE8}") = "transport", "transport", "{3AA73DC3-B012-45C5-8713-06D41FE88606}"
EndProject
Project("{2150E333-8FDC-42A3-9474-1A3956D46DE8}") = "security", "security", "{C6E6F44D-37A8-47BF-A017-4E56D7AD7EF1}"
EndProject
Project("{9A19103F-16F7-4668-BE54-9A1E7A4F7556}") = "Microsoft.Azure.Devices.Provisioning.Security.Tpm", "..\..\security\tpm\src\Microsoft.Azure.Devices.Provisioning.Security.Tpm.csproj", "{323EA0EC-E0BA-4EBE-8DE4-4F203BEDBC13}"
EndProject
Project("{9A19103F-16F7-4668-BE54-9A1E7A4F7556}") = "Microsoft.Azure.Devices.Provisioning.Security.Dice", "..\..\security\dice\src\Microsoft.Azure.Devices.Provisioning.Security.Dice.csproj", "{77066B52-84B1-47BA-B285-A1555DBC8CCD}"
EndProject
Project("{9A19103F-16F7-4668-BE54-9A1E7A4F7556}") = "Microsoft.Azure.Devices.Provisioning.Transport.Http", "..\transport\http\src\Microsoft.Azure.Devices.Provisioning.Transport.Http.csproj", "{154D9621-A4D4-4195-AE98-0079D82C5FD5}"
EndProject
Project("{9A19103F-16F7-4668-BE54-9A1E7A4F7556}") = "Microsoft.Azure.Devices.Provisioning.Transport.Amqp", "..\transport\amqp\src\Microsoft.Azure.Devices.Provisioning.Transport.Amqp.csproj", "{A16FDD75-7075-42D3-BA6E-F31891CB8040}"
EndProject
Project("{9A19103F-16F7-4668-BE54-9A1E7A4F7556}") = "Microsoft.Azure.Devices.Provisioning.Transport.Mqtt", "..\transport\mqtt\src\Microsoft.Azure.Devices.Provisioning.Transport.Mqtt.csproj", "{3E950E70-A05A-460A-9849-4D90D1CE6E90}"
EndProject
Global
	GlobalSection(SolutionConfigurationPlatforms) = preSolution
		Debug|Any CPU = Debug|Any CPU
		Release_Delay_Sign|Any CPU = Release_Delay_Sign|Any CPU
		Release|Any CPU = Release|Any CPU
	EndGlobalSection
	GlobalSection(ProjectConfigurationPlatforms) = postSolution
		{2DFE4F39-7EC5-42CC-9B79-E271603A4D1A}.Debug|Any CPU.ActiveCfg = Debug|Any CPU
		{2DFE4F39-7EC5-42CC-9B79-E271603A4D1A}.Debug|Any CPU.Build.0 = Debug|Any CPU
		{2DFE4F39-7EC5-42CC-9B79-E271603A4D1A}.Release_Delay_Sign|Any CPU.ActiveCfg = Release|Any CPU
		{2DFE4F39-7EC5-42CC-9B79-E271603A4D1A}.Release_Delay_Sign|Any CPU.Build.0 = Release|Any CPU
		{2DFE4F39-7EC5-42CC-9B79-E271603A4D1A}.Release|Any CPU.ActiveCfg = Release|Any CPU
		{2DFE4F39-7EC5-42CC-9B79-E271603A4D1A}.Release|Any CPU.Build.0 = Release|Any CPU
		{EB76B7C4-D21F-40D5-84D7-A43D93A3BE85}.Debug|Any CPU.ActiveCfg = Debug|Any CPU
		{EB76B7C4-D21F-40D5-84D7-A43D93A3BE85}.Debug|Any CPU.Build.0 = Debug|Any CPU
		{EB76B7C4-D21F-40D5-84D7-A43D93A3BE85}.Release_Delay_Sign|Any CPU.ActiveCfg = Release|Any CPU
		{EB76B7C4-D21F-40D5-84D7-A43D93A3BE85}.Release_Delay_Sign|Any CPU.Build.0 = Release|Any CPU
		{EB76B7C4-D21F-40D5-84D7-A43D93A3BE85}.Release|Any CPU.ActiveCfg = Release|Any CPU
		{EB76B7C4-D21F-40D5-84D7-A43D93A3BE85}.Release|Any CPU.Build.0 = Release|Any CPU
		{91DFB837-D8A3-4F54-AE0D-45C95ACD0C2A}.Debug|Any CPU.ActiveCfg = Debug|Any CPU
		{91DFB837-D8A3-4F54-AE0D-45C95ACD0C2A}.Debug|Any CPU.Build.0 = Debug|Any CPU
		{91DFB837-D8A3-4F54-AE0D-45C95ACD0C2A}.Release_Delay_Sign|Any CPU.ActiveCfg = Release|Any CPU
		{91DFB837-D8A3-4F54-AE0D-45C95ACD0C2A}.Release_Delay_Sign|Any CPU.Build.0 = Release|Any CPU
		{91DFB837-D8A3-4F54-AE0D-45C95ACD0C2A}.Release|Any CPU.ActiveCfg = Release|Any CPU
		{91DFB837-D8A3-4F54-AE0D-45C95ACD0C2A}.Release|Any CPU.Build.0 = Release|Any CPU
		{323EA0EC-E0BA-4EBE-8DE4-4F203BEDBC13}.Debug|Any CPU.ActiveCfg = Debug|Any CPU
		{323EA0EC-E0BA-4EBE-8DE4-4F203BEDBC13}.Debug|Any CPU.Build.0 = Debug|Any CPU
		{323EA0EC-E0BA-4EBE-8DE4-4F203BEDBC13}.Release_Delay_Sign|Any CPU.ActiveCfg = Release|Any CPU
		{323EA0EC-E0BA-4EBE-8DE4-4F203BEDBC13}.Release_Delay_Sign|Any CPU.Build.0 = Release|Any CPU
		{323EA0EC-E0BA-4EBE-8DE4-4F203BEDBC13}.Release|Any CPU.ActiveCfg = Release|Any CPU
		{323EA0EC-E0BA-4EBE-8DE4-4F203BEDBC13}.Release|Any CPU.Build.0 = Release|Any CPU
		{77066B52-84B1-47BA-B285-A1555DBC8CCD}.Debug|Any CPU.ActiveCfg = Debug|Any CPU
		{77066B52-84B1-47BA-B285-A1555DBC8CCD}.Debug|Any CPU.Build.0 = Debug|Any CPU
		{77066B52-84B1-47BA-B285-A1555DBC8CCD}.Release_Delay_Sign|Any CPU.ActiveCfg = Release|Any CPU
		{77066B52-84B1-47BA-B285-A1555DBC8CCD}.Release_Delay_Sign|Any CPU.Build.0 = Release|Any CPU
		{77066B52-84B1-47BA-B285-A1555DBC8CCD}.Release|Any CPU.ActiveCfg = Release|Any CPU
		{77066B52-84B1-47BA-B285-A1555DBC8CCD}.Release|Any CPU.Build.0 = Release|Any CPU
		{154D9621-A4D4-4195-AE98-0079D82C5FD5}.Debug|Any CPU.ActiveCfg = Debug|Any CPU
		{154D9621-A4D4-4195-AE98-0079D82C5FD5}.Debug|Any CPU.Build.0 = Debug|Any CPU
		{154D9621-A4D4-4195-AE98-0079D82C5FD5}.Release_Delay_Sign|Any CPU.ActiveCfg = Release|Any CPU
		{154D9621-A4D4-4195-AE98-0079D82C5FD5}.Release_Delay_Sign|Any CPU.Build.0 = Release|Any CPU
		{154D9621-A4D4-4195-AE98-0079D82C5FD5}.Release|Any CPU.ActiveCfg = Release|Any CPU
		{154D9621-A4D4-4195-AE98-0079D82C5FD5}.Release|Any CPU.Build.0 = Release|Any CPU
		{A16FDD75-7075-42D3-BA6E-F31891CB8040}.Debug|Any CPU.ActiveCfg = Debug|Any CPU
		{A16FDD75-7075-42D3-BA6E-F31891CB8040}.Debug|Any CPU.Build.0 = Debug|Any CPU
		{A16FDD75-7075-42D3-BA6E-F31891CB8040}.Release_Delay_Sign|Any CPU.ActiveCfg = Release|Any CPU
		{A16FDD75-7075-42D3-BA6E-F31891CB8040}.Release_Delay_Sign|Any CPU.Build.0 = Release|Any CPU
		{A16FDD75-7075-42D3-BA6E-F31891CB8040}.Release|Any CPU.ActiveCfg = Release|Any CPU
		{A16FDD75-7075-42D3-BA6E-F31891CB8040}.Release|Any CPU.Build.0 = Release|Any CPU
		{3E950E70-A05A-460A-9849-4D90D1CE6E90}.Debug|Any CPU.ActiveCfg = Debug|Any CPU
		{3E950E70-A05A-460A-9849-4D90D1CE6E90}.Debug|Any CPU.Build.0 = Debug|Any CPU
		{3E950E70-A05A-460A-9849-4D90D1CE6E90}.Release_Delay_Sign|Any CPU.ActiveCfg = Release|Any CPU
		{3E950E70-A05A-460A-9849-4D90D1CE6E90}.Release_Delay_Sign|Any CPU.Build.0 = Release|Any CPU
		{3E950E70-A05A-460A-9849-4D90D1CE6E90}.Release|Any CPU.ActiveCfg = Release|Any CPU
		{3E950E70-A05A-460A-9849-4D90D1CE6E90}.Release|Any CPU.Build.0 = Release|Any CPU
	EndGlobalSection
	GlobalSection(SolutionProperties) = preSolution
		HideSolutionNode = FALSE
	EndGlobalSection
	GlobalSection(NestedProjects) = preSolution
		{2DFE4F39-7EC5-42CC-9B79-E271603A4D1A} = {19A7EA28-F4A4-426E-9343-D9EE5C3F679D}
		{EB76B7C4-D21F-40D5-84D7-A43D93A3BE85} = {5169D289-68A3-402C-85C3-7BBF98C976FF}
		{91DFB837-D8A3-4F54-AE0D-45C95ACD0C2A} = {4D71317B-7058-499A-B245-B8F523694E6C}
		{3AA73DC3-B012-45C5-8713-06D41FE88606} = {4D71317B-7058-499A-B245-B8F523694E6C}
		{C6E6F44D-37A8-47BF-A017-4E56D7AD7EF1} = {4D71317B-7058-499A-B245-B8F523694E6C}
		{323EA0EC-E0BA-4EBE-8DE4-4F203BEDBC13} = {C6E6F44D-37A8-47BF-A017-4E56D7AD7EF1}
		{77066B52-84B1-47BA-B285-A1555DBC8CCD} = {C6E6F44D-37A8-47BF-A017-4E56D7AD7EF1}
		{154D9621-A4D4-4195-AE98-0079D82C5FD5} = {3AA73DC3-B012-45C5-8713-06D41FE88606}
		{A16FDD75-7075-42D3-BA6E-F31891CB8040} = {3AA73DC3-B012-45C5-8713-06D41FE88606}
		{3E950E70-A05A-460A-9849-4D90D1CE6E90} = {3AA73DC3-B012-45C5-8713-06D41FE88606}
	EndGlobalSection
	GlobalSection(ExtensibilityGlobals) = postSolution
		SolutionGuid = {7566ED37-47DE-4312-8F20-E4A4429657BC}
	EndGlobalSection
EndGlobal
