
Microsoft Visual Studio Solution File, Format Version 12.00
# Visual Studio 15
VisualStudioVersion = 15.0.27130.2010
MinimumVisualStudioVersion = 10.0.40219.1
Project("{2150E333-8FDC-42A3-9474-1A3956D46DE8}") = "Solution Items", "Solution Items", "{FD2164D7-E3A5-429B-A800-1E0C722E329F}"
	ProjectSection(SolutionItems) = preProject
		Local.testsettings = Local.testsettings
	EndProjectSection
EndProject
Project("{2150E333-8FDC-42A3-9474-1A3956D46DE8}") = "inc_int", "inc_int", "{AFC54B24-E0A8-4E9A-A0B4-05034F1B9462}"
EndProject
Project("{9A19103F-16F7-4668-BE54-9A1E7A4F7556}") = "Microsoft.Azure.Devices.E2ETests.NetStandard", "Microsoft.Azure.Devices.E2ETests.NetStandard\Microsoft.Azure.Devices.E2ETests.NetStandard.csproj", "{859C6007-B46B-40E1-9542-060388CC387D}"
EndProject
Project("{9A19103F-16F7-4668-BE54-9A1E7A4F7556}") = "Microsoft.Azure.Devices.Client.NetStandard", "..\device\Microsoft.Azure.Devices.Client.NetStandard\Microsoft.Azure.Devices.Client.NetStandard.csproj", "{8988AB0E-0FDD-4BD4-A65F-6479BB2C5AF8}"
EndProject
Project("{9A19103F-16F7-4668-BE54-9A1E7A4F7556}") = "Microsoft.Azure.Devices.Shared.NetStandard", "..\shared\Microsoft.Azure.Devices.Shared.NetStandard\Microsoft.Azure.Devices.Shared.NetStandard.csproj", "{91DFB837-D8A3-4F54-AE0D-45C95ACD0C2A}"
EndProject
Project("{9A19103F-16F7-4668-BE54-9A1E7A4F7556}") = "Microsoft.Azure.Devices.NetStandard", "..\service\Microsoft.Azure.Devices.NetStandard\Microsoft.Azure.Devices.NetStandard.csproj", "{3081D7CD-2F05-4431-9FEF-4F8A19591AD4}"
EndProject
Global
	GlobalSection(SolutionConfigurationPlatforms) = preSolution
		Debug|Any CPU = Debug|Any CPU
		Debug|ARM = Debug|ARM
		Debug|x64 = Debug|x64
		Debug|x86 = Debug|x86
		Release|Any CPU = Release|Any CPU
		Release|ARM = Release|ARM
		Release|x64 = Release|x64
		Release|x86 = Release|x86
	EndGlobalSection
	GlobalSection(ProjectConfigurationPlatforms) = postSolution
		{859C6007-B46B-40E1-9542-060388CC387D}.Debug|Any CPU.ActiveCfg = Debug|Any CPU
		{859C6007-B46B-40E1-9542-060388CC387D}.Debug|Any CPU.Build.0 = Debug|Any CPU
		{859C6007-B46B-40E1-9542-060388CC387D}.Debug|ARM.ActiveCfg = Debug|Any CPU
		{859C6007-B46B-40E1-9542-060388CC387D}.Debug|ARM.Build.0 = Debug|Any CPU
		{859C6007-B46B-40E1-9542-060388CC387D}.Debug|x64.ActiveCfg = Debug|Any CPU
		{859C6007-B46B-40E1-9542-060388CC387D}.Debug|x64.Build.0 = Debug|Any CPU
		{859C6007-B46B-40E1-9542-060388CC387D}.Debug|x86.ActiveCfg = Debug|Any CPU
		{859C6007-B46B-40E1-9542-060388CC387D}.Debug|x86.Build.0 = Debug|Any CPU
		{859C6007-B46B-40E1-9542-060388CC387D}.Release|Any CPU.ActiveCfg = Release|Any CPU
		{859C6007-B46B-40E1-9542-060388CC387D}.Release|Any CPU.Build.0 = Release|Any CPU
		{859C6007-B46B-40E1-9542-060388CC387D}.Release|ARM.ActiveCfg = Release|Any CPU
		{859C6007-B46B-40E1-9542-060388CC387D}.Release|ARM.Build.0 = Release|Any CPU
		{859C6007-B46B-40E1-9542-060388CC387D}.Release|x64.ActiveCfg = Release|Any CPU
		{859C6007-B46B-40E1-9542-060388CC387D}.Release|x64.Build.0 = Release|Any CPU
		{859C6007-B46B-40E1-9542-060388CC387D}.Release|x86.ActiveCfg = Release|Any CPU
		{859C6007-B46B-40E1-9542-060388CC387D}.Release|x86.Build.0 = Release|Any CPU
		{8988AB0E-0FDD-4BD4-A65F-6479BB2C5AF8}.Debug|Any CPU.ActiveCfg = Debug|Any CPU
		{8988AB0E-0FDD-4BD4-A65F-6479BB2C5AF8}.Debug|Any CPU.Build.0 = Debug|Any CPU
		{8988AB0E-0FDD-4BD4-A65F-6479BB2C5AF8}.Debug|ARM.ActiveCfg = Debug|Any CPU
		{8988AB0E-0FDD-4BD4-A65F-6479BB2C5AF8}.Debug|ARM.Build.0 = Debug|Any CPU
		{8988AB0E-0FDD-4BD4-A65F-6479BB2C5AF8}.Debug|x64.ActiveCfg = Debug|Any CPU
		{8988AB0E-0FDD-4BD4-A65F-6479BB2C5AF8}.Debug|x64.Build.0 = Debug|Any CPU
		{8988AB0E-0FDD-4BD4-A65F-6479BB2C5AF8}.Debug|x86.ActiveCfg = Debug|Any CPU
		{8988AB0E-0FDD-4BD4-A65F-6479BB2C5AF8}.Debug|x86.Build.0 = Debug|Any CPU
		{8988AB0E-0FDD-4BD4-A65F-6479BB2C5AF8}.Release|Any CPU.ActiveCfg = Release|Any CPU
		{8988AB0E-0FDD-4BD4-A65F-6479BB2C5AF8}.Release|Any CPU.Build.0 = Release|Any CPU
		{8988AB0E-0FDD-4BD4-A65F-6479BB2C5AF8}.Release|ARM.ActiveCfg = Release|Any CPU
		{8988AB0E-0FDD-4BD4-A65F-6479BB2C5AF8}.Release|ARM.Build.0 = Release|Any CPU
		{8988AB0E-0FDD-4BD4-A65F-6479BB2C5AF8}.Release|x64.ActiveCfg = Release|Any CPU
		{8988AB0E-0FDD-4BD4-A65F-6479BB2C5AF8}.Release|x64.Build.0 = Release|Any CPU
		{8988AB0E-0FDD-4BD4-A65F-6479BB2C5AF8}.Release|x86.ActiveCfg = Release|Any CPU
		{8988AB0E-0FDD-4BD4-A65F-6479BB2C5AF8}.Release|x86.Build.0 = Release|Any CPU
		{91DFB837-D8A3-4F54-AE0D-45C95ACD0C2A}.Debug|Any CPU.ActiveCfg = Debug|Any CPU
		{91DFB837-D8A3-4F54-AE0D-45C95ACD0C2A}.Debug|Any CPU.Build.0 = Debug|Any CPU
		{91DFB837-D8A3-4F54-AE0D-45C95ACD0C2A}.Debug|ARM.ActiveCfg = Debug|Any CPU
		{91DFB837-D8A3-4F54-AE0D-45C95ACD0C2A}.Debug|ARM.Build.0 = Debug|Any CPU
		{91DFB837-D8A3-4F54-AE0D-45C95ACD0C2A}.Debug|x64.ActiveCfg = Debug|Any CPU
		{91DFB837-D8A3-4F54-AE0D-45C95ACD0C2A}.Debug|x64.Build.0 = Debug|Any CPU
		{91DFB837-D8A3-4F54-AE0D-45C95ACD0C2A}.Debug|x86.ActiveCfg = Debug|Any CPU
		{91DFB837-D8A3-4F54-AE0D-45C95ACD0C2A}.Debug|x86.Build.0 = Debug|Any CPU
		{91DFB837-D8A3-4F54-AE0D-45C95ACD0C2A}.Release|Any CPU.ActiveCfg = Release|Any CPU
		{91DFB837-D8A3-4F54-AE0D-45C95ACD0C2A}.Release|Any CPU.Build.0 = Release|Any CPU
		{91DFB837-D8A3-4F54-AE0D-45C95ACD0C2A}.Release|ARM.ActiveCfg = Release|Any CPU
		{91DFB837-D8A3-4F54-AE0D-45C95ACD0C2A}.Release|ARM.Build.0 = Release|Any CPU
		{91DFB837-D8A3-4F54-AE0D-45C95ACD0C2A}.Release|x64.ActiveCfg = Release|Any CPU
		{91DFB837-D8A3-4F54-AE0D-45C95ACD0C2A}.Release|x64.Build.0 = Release|Any CPU
		{91DFB837-D8A3-4F54-AE0D-45C95ACD0C2A}.Release|x86.ActiveCfg = Release|Any CPU
		{91DFB837-D8A3-4F54-AE0D-45C95ACD0C2A}.Release|x86.Build.0 = Release|Any CPU
		{3081D7CD-2F05-4431-9FEF-4F8A19591AD4}.Debug|Any CPU.ActiveCfg = Debug|Any CPU
		{3081D7CD-2F05-4431-9FEF-4F8A19591AD4}.Debug|Any CPU.Build.0 = Debug|Any CPU
		{3081D7CD-2F05-4431-9FEF-4F8A19591AD4}.Debug|ARM.ActiveCfg = Debug|Any CPU
		{3081D7CD-2F05-4431-9FEF-4F8A19591AD4}.Debug|ARM.Build.0 = Debug|Any CPU
		{3081D7CD-2F05-4431-9FEF-4F8A19591AD4}.Debug|x64.ActiveCfg = Debug|Any CPU
		{3081D7CD-2F05-4431-9FEF-4F8A19591AD4}.Debug|x64.Build.0 = Debug|Any CPU
		{3081D7CD-2F05-4431-9FEF-4F8A19591AD4}.Debug|x86.ActiveCfg = Debug|Any CPU
		{3081D7CD-2F05-4431-9FEF-4F8A19591AD4}.Debug|x86.Build.0 = Debug|Any CPU
		{3081D7CD-2F05-4431-9FEF-4F8A19591AD4}.Release|Any CPU.ActiveCfg = Release|Any CPU
		{3081D7CD-2F05-4431-9FEF-4F8A19591AD4}.Release|Any CPU.Build.0 = Release|Any CPU
		{3081D7CD-2F05-4431-9FEF-4F8A19591AD4}.Release|ARM.ActiveCfg = Release|Any CPU
		{3081D7CD-2F05-4431-9FEF-4F8A19591AD4}.Release|ARM.Build.0 = Release|Any CPU
		{3081D7CD-2F05-4431-9FEF-4F8A19591AD4}.Release|x64.ActiveCfg = Release|Any CPU
		{3081D7CD-2F05-4431-9FEF-4F8A19591AD4}.Release|x64.Build.0 = Release|Any CPU
		{3081D7CD-2F05-4431-9FEF-4F8A19591AD4}.Release|x86.ActiveCfg = Release|Any CPU
		{3081D7CD-2F05-4431-9FEF-4F8A19591AD4}.Release|x86.Build.0 = Release|Any CPU
	EndGlobalSection
	GlobalSection(SolutionProperties) = preSolution
		HideSolutionNode = FALSE
	EndGlobalSection
	GlobalSection(NestedProjects) = preSolution
		{8988AB0E-0FDD-4BD4-A65F-6479BB2C5AF8} = {AFC54B24-E0A8-4E9A-A0B4-05034F1B9462}
		{91DFB837-D8A3-4F54-AE0D-45C95ACD0C2A} = {AFC54B24-E0A8-4E9A-A0B4-05034F1B9462}
		{3081D7CD-2F05-4431-9FEF-4F8A19591AD4} = {AFC54B24-E0A8-4E9A-A0B4-05034F1B9462}
	EndGlobalSection
	GlobalSection(ExtensibilityGlobals) = postSolution
		SolutionGuid = {0389263A-56AE-42D5-9EE2-2A6368ECA75E}
	EndGlobalSection
EndGlobal
