
Microsoft Visual Studio Solution File, Format Version 12.00
# Visual Studio 15
VisualStudioVersion = 15.0.27130.2027
MinimumVisualStudioVersion = 15.0.26124.0
Project("{2150E333-8FDC-42A3-9474-1A3956D46DE8}") = "Solution Items", "Solution Items", "{856352B5-9CE7-47EC-8565-33D1333B5424}"
EndProject
Project("{9A19103F-16F7-4668-BE54-9A1E7A4F7556}") = "DeviceClientAmqpSample", "DeviceClientAmqpSample\DeviceClientAmqpSample.csproj", "{BC30B49B-D9D9-4172-9188-49CBCF83A38B}"
EndProject
Project("{9A19103F-16F7-4668-BE54-9A1E7A4F7556}") = "DeviceClientFileUploadSample", "DeviceClientFileUploadSample\DeviceClientFileUploadSample.csproj", "{1EA11A84-0BAE-40BB-9ECA-009B6A9E9952}"
EndProject
Project("{9A19103F-16F7-4668-BE54-9A1E7A4F7556}") = "DeviceClientHttpSample", "DeviceClientHttpSample\DeviceClientHttpSample.csproj", "{B407E342-E453-4CEE-86FB-794D553901B2}"
EndProject
Project("{9A19103F-16F7-4668-BE54-9A1E7A4F7556}") = "DeviceClientKeysRolloverSample", "DeviceClientKeysRolloverSample\DeviceClientKeysRolloverSample.csproj", "{54C1599A-82FC-4078-AE01-5722EE33910E}"
EndProject
Project("{9A19103F-16F7-4668-BE54-9A1E7A4F7556}") = "DeviceClientMethodSample", "DeviceClientMethodSample\DeviceClientMethodSample.csproj", "{9E0AE7B0-DC58-4D37-A27C-1BBB491FF390}"
EndProject
Project("{9A19103F-16F7-4668-BE54-9A1E7A4F7556}") = "DeviceClientMqttSample", "DeviceClientMqttSample\DeviceClientMqttSample.csproj", "{B4F7FE64-9633-4B6D-8785-59137D928053}"
EndProject
Project("{9A19103F-16F7-4668-BE54-9A1E7A4F7556}") = "DeviceClientTwinSample", "DeviceClientTwinSample\DeviceClientTwinSample.csproj", "{9D4DFD83-88D7-491B-BA56-799EB5F9AC0A}"
EndProject
Project("{FAE04EC0-301F-11D3-BF4B-00C04F79EFBC}") = "ModuleClientMqttSample", "ModuleClientMqttSample\ModuleClientMqttSample.csproj", "{2E3B756A-372D-11E7-990C-00155D5A3F06}"
EndProject
Global
	GlobalSection(SolutionConfigurationPlatforms) = preSolution
		Debug|Any CPU = Debug|Any CPU
		Debug|x64 = Debug|x64
		Debug|x86 = Debug|x86
		Release|Any CPU = Release|Any CPU
		Release|x64 = Release|x64
		Release|x86 = Release|x86
	EndGlobalSection
	GlobalSection(ProjectConfigurationPlatforms) = postSolution
		{BC30B49B-D9D9-4172-9188-49CBCF83A38B}.Debug|Any CPU.ActiveCfg = Debug|Any CPU
		{BC30B49B-D9D9-4172-9188-49CBCF83A38B}.Debug|Any CPU.Build.0 = Debug|Any CPU
		{BC30B49B-D9D9-4172-9188-49CBCF83A38B}.Debug|x64.ActiveCfg = Debug|Any CPU
		{BC30B49B-D9D9-4172-9188-49CBCF83A38B}.Debug|x64.Build.0 = Debug|Any CPU
		{BC30B49B-D9D9-4172-9188-49CBCF83A38B}.Debug|x86.ActiveCfg = Debug|Any CPU
		{BC30B49B-D9D9-4172-9188-49CBCF83A38B}.Debug|x86.Build.0 = Debug|Any CPU
		{BC30B49B-D9D9-4172-9188-49CBCF83A38B}.Release|Any CPU.ActiveCfg = Release|Any CPU
		{BC30B49B-D9D9-4172-9188-49CBCF83A38B}.Release|Any CPU.Build.0 = Release|Any CPU
		{BC30B49B-D9D9-4172-9188-49CBCF83A38B}.Release|x64.ActiveCfg = Release|Any CPU
		{BC30B49B-D9D9-4172-9188-49CBCF83A38B}.Release|x64.Build.0 = Release|Any CPU
		{BC30B49B-D9D9-4172-9188-49CBCF83A38B}.Release|x86.ActiveCfg = Release|Any CPU
		{BC30B49B-D9D9-4172-9188-49CBCF83A38B}.Release|x86.Build.0 = Release|Any CPU
		{1EA11A84-0BAE-40BB-9ECA-009B6A9E9952}.Debug|Any CPU.ActiveCfg = Debug|Any CPU
		{1EA11A84-0BAE-40BB-9ECA-009B6A9E9952}.Debug|Any CPU.Build.0 = Debug|Any CPU
		{1EA11A84-0BAE-40BB-9ECA-009B6A9E9952}.Debug|x64.ActiveCfg = Debug|Any CPU
		{1EA11A84-0BAE-40BB-9ECA-009B6A9E9952}.Debug|x64.Build.0 = Debug|Any CPU
		{1EA11A84-0BAE-40BB-9ECA-009B6A9E9952}.Debug|x86.ActiveCfg = Debug|Any CPU
		{1EA11A84-0BAE-40BB-9ECA-009B6A9E9952}.Debug|x86.Build.0 = Debug|Any CPU
		{1EA11A84-0BAE-40BB-9ECA-009B6A9E9952}.Release|Any CPU.ActiveCfg = Release|Any CPU
		{1EA11A84-0BAE-40BB-9ECA-009B6A9E9952}.Release|Any CPU.Build.0 = Release|Any CPU
		{1EA11A84-0BAE-40BB-9ECA-009B6A9E9952}.Release|x64.ActiveCfg = Release|Any CPU
		{1EA11A84-0BAE-40BB-9ECA-009B6A9E9952}.Release|x64.Build.0 = Release|Any CPU
		{1EA11A84-0BAE-40BB-9ECA-009B6A9E9952}.Release|x86.ActiveCfg = Release|Any CPU
		{1EA11A84-0BAE-40BB-9ECA-009B6A9E9952}.Release|x86.Build.0 = Release|Any CPU
		{B407E342-E453-4CEE-86FB-794D553901B2}.Debug|Any CPU.ActiveCfg = Debug|Any CPU
		{B407E342-E453-4CEE-86FB-794D553901B2}.Debug|Any CPU.Build.0 = Debug|Any CPU
		{B407E342-E453-4CEE-86FB-794D553901B2}.Debug|x64.ActiveCfg = Debug|Any CPU
		{B407E342-E453-4CEE-86FB-794D553901B2}.Debug|x64.Build.0 = Debug|Any CPU
		{B407E342-E453-4CEE-86FB-794D553901B2}.Debug|x86.ActiveCfg = Debug|Any CPU
		{B407E342-E453-4CEE-86FB-794D553901B2}.Debug|x86.Build.0 = Debug|Any CPU
		{B407E342-E453-4CEE-86FB-794D553901B2}.Release|Any CPU.ActiveCfg = Release|Any CPU
		{B407E342-E453-4CEE-86FB-794D553901B2}.Release|Any CPU.Build.0 = Release|Any CPU
		{B407E342-E453-4CEE-86FB-794D553901B2}.Release|x64.ActiveCfg = Release|Any CPU
		{B407E342-E453-4CEE-86FB-794D553901B2}.Release|x64.Build.0 = Release|Any CPU
		{B407E342-E453-4CEE-86FB-794D553901B2}.Release|x86.ActiveCfg = Release|Any CPU
		{B407E342-E453-4CEE-86FB-794D553901B2}.Release|x86.Build.0 = Release|Any CPU
		{54C1599A-82FC-4078-AE01-5722EE33910E}.Debug|Any CPU.ActiveCfg = Debug|Any CPU
		{54C1599A-82FC-4078-AE01-5722EE33910E}.Debug|Any CPU.Build.0 = Debug|Any CPU
		{54C1599A-82FC-4078-AE01-5722EE33910E}.Debug|x64.ActiveCfg = Debug|Any CPU
		{54C1599A-82FC-4078-AE01-5722EE33910E}.Debug|x64.Build.0 = Debug|Any CPU
		{54C1599A-82FC-4078-AE01-5722EE33910E}.Debug|x86.ActiveCfg = Debug|Any CPU
		{54C1599A-82FC-4078-AE01-5722EE33910E}.Debug|x86.Build.0 = Debug|Any CPU
		{54C1599A-82FC-4078-AE01-5722EE33910E}.Release|Any CPU.ActiveCfg = Release|Any CPU
		{54C1599A-82FC-4078-AE01-5722EE33910E}.Release|Any CPU.Build.0 = Release|Any CPU
		{54C1599A-82FC-4078-AE01-5722EE33910E}.Release|x64.ActiveCfg = Release|Any CPU
		{54C1599A-82FC-4078-AE01-5722EE33910E}.Release|x64.Build.0 = Release|Any CPU
		{54C1599A-82FC-4078-AE01-5722EE33910E}.Release|x86.ActiveCfg = Release|Any CPU
		{54C1599A-82FC-4078-AE01-5722EE33910E}.Release|x86.Build.0 = Release|Any CPU
		{9E0AE7B0-DC58-4D37-A27C-1BBB491FF390}.Debug|Any CPU.ActiveCfg = Debug|Any CPU
		{9E0AE7B0-DC58-4D37-A27C-1BBB491FF390}.Debug|Any CPU.Build.0 = Debug|Any CPU
		{9E0AE7B0-DC58-4D37-A27C-1BBB491FF390}.Debug|x64.ActiveCfg = Debug|Any CPU
		{9E0AE7B0-DC58-4D37-A27C-1BBB491FF390}.Debug|x64.Build.0 = Debug|Any CPU
		{9E0AE7B0-DC58-4D37-A27C-1BBB491FF390}.Debug|x86.ActiveCfg = Debug|Any CPU
		{9E0AE7B0-DC58-4D37-A27C-1BBB491FF390}.Debug|x86.Build.0 = Debug|Any CPU
		{9E0AE7B0-DC58-4D37-A27C-1BBB491FF390}.Release|Any CPU.ActiveCfg = Release|Any CPU
		{9E0AE7B0-DC58-4D37-A27C-1BBB491FF390}.Release|Any CPU.Build.0 = Release|Any CPU
		{9E0AE7B0-DC58-4D37-A27C-1BBB491FF390}.Release|x64.ActiveCfg = Release|Any CPU
		{9E0AE7B0-DC58-4D37-A27C-1BBB491FF390}.Release|x64.Build.0 = Release|Any CPU
		{9E0AE7B0-DC58-4D37-A27C-1BBB491FF390}.Release|x86.ActiveCfg = Release|Any CPU
		{9E0AE7B0-DC58-4D37-A27C-1BBB491FF390}.Release|x86.Build.0 = Release|Any CPU
		{B4F7FE64-9633-4B6D-8785-59137D928053}.Debug|Any CPU.ActiveCfg = Debug|Any CPU
		{B4F7FE64-9633-4B6D-8785-59137D928053}.Debug|Any CPU.Build.0 = Debug|Any CPU
		{B4F7FE64-9633-4B6D-8785-59137D928053}.Debug|x64.ActiveCfg = Debug|Any CPU
		{B4F7FE64-9633-4B6D-8785-59137D928053}.Debug|x64.Build.0 = Debug|Any CPU
		{B4F7FE64-9633-4B6D-8785-59137D928053}.Debug|x86.ActiveCfg = Debug|Any CPU
		{B4F7FE64-9633-4B6D-8785-59137D928053}.Debug|x86.Build.0 = Debug|Any CPU
		{B4F7FE64-9633-4B6D-8785-59137D928053}.Release|Any CPU.ActiveCfg = Release|Any CPU
		{B4F7FE64-9633-4B6D-8785-59137D928053}.Release|Any CPU.Build.0 = Release|Any CPU
		{B4F7FE64-9633-4B6D-8785-59137D928053}.Release|x64.ActiveCfg = Release|Any CPU
		{B4F7FE64-9633-4B6D-8785-59137D928053}.Release|x64.Build.0 = Release|Any CPU
		{B4F7FE64-9633-4B6D-8785-59137D928053}.Release|x86.ActiveCfg = Release|Any CPU
		{B4F7FE64-9633-4B6D-8785-59137D928053}.Release|x86.Build.0 = Release|Any CPU
		{9D4DFD83-88D7-491B-BA56-799EB5F9AC0A}.Debug|Any CPU.ActiveCfg = Debug|Any CPU
		{9D4DFD83-88D7-491B-BA56-799EB5F9AC0A}.Debug|Any CPU.Build.0 = Debug|Any CPU
		{9D4DFD83-88D7-491B-BA56-799EB5F9AC0A}.Debug|x64.ActiveCfg = Debug|Any CPU
		{9D4DFD83-88D7-491B-BA56-799EB5F9AC0A}.Debug|x64.Build.0 = Debug|Any CPU
		{9D4DFD83-88D7-491B-BA56-799EB5F9AC0A}.Debug|x86.ActiveCfg = Debug|Any CPU
		{9D4DFD83-88D7-491B-BA56-799EB5F9AC0A}.Debug|x86.Build.0 = Debug|Any CPU
		{9D4DFD83-88D7-491B-BA56-799EB5F9AC0A}.Release|Any CPU.ActiveCfg = Release|Any CPU
		{9D4DFD83-88D7-491B-BA56-799EB5F9AC0A}.Release|Any CPU.Build.0 = Release|Any CPU
		{9D4DFD83-88D7-491B-BA56-799EB5F9AC0A}.Release|x64.ActiveCfg = Release|Any CPU
		{9D4DFD83-88D7-491B-BA56-799EB5F9AC0A}.Release|x64.Build.0 = Release|Any CPU
		{9D4DFD83-88D7-491B-BA56-799EB5F9AC0A}.Release|x86.ActiveCfg = Release|Any CPU
		{9D4DFD83-88D7-491B-BA56-799EB5F9AC0A}.Release|x86.Build.0 = Release|Any CPU
		{2E3B756A-372D-11E7-990C-00155D5A3F06}.Debug|Any CPU.ActiveCfg = Debug|Any CPU
		{2E3B756A-372D-11E7-990C-00155D5A3F06}.Debug|Any CPU.Build.0 = Debug|Any CPU
		{2E3B756A-372D-11E7-990C-00155D5A3F06}.Debug|x64.ActiveCfg = Debug|Any CPU
		{2E3B756A-372D-11E7-990C-00155D5A3F06}.Debug|x64.Build.0 = Debug|Any CPU
		{2E3B756A-372D-11E7-990C-00155D5A3F06}.Debug|x86.ActiveCfg = Debug|Any CPU
		{2E3B756A-372D-11E7-990C-00155D5A3F06}.Debug|x86.Build.0 = Debug|Any CPU
		{2E3B756A-372D-11E7-990C-00155D5A3F06}.Release|Any CPU.ActiveCfg = Release|Any CPU
		{2E3B756A-372D-11E7-990C-00155D5A3F06}.Release|Any CPU.Build.0 = Release|Any CPU
		{2E3B756A-372D-11E7-990C-00155D5A3F06}.Release|x64.ActiveCfg = Release|Any CPU
		{2E3B756A-372D-11E7-990C-00155D5A3F06}.Release|x64.Build.0 = Release|Any CPU
		{2E3B756A-372D-11E7-990C-00155D5A3F06}.Release|x86.ActiveCfg = Release|Any CPU
		{2E3B756A-372D-11E7-990C-00155D5A3F06}.Release|x86.Build.0 = Release|Any CPU
	EndGlobalSection
	GlobalSection(SolutionProperties) = preSolution
		HideSolutionNode = FALSE
	EndGlobalSection
	GlobalSection(NestedProjects) = preSolution
		{BC30B49B-D9D9-4172-9188-49CBCF83A38B} = {856352B5-9CE7-47EC-8565-33D1333B5424}
		{1EA11A84-0BAE-40BB-9ECA-009B6A9E9952} = {856352B5-9CE7-47EC-8565-33D1333B5424}
		{B407E342-E453-4CEE-86FB-794D553901B2} = {856352B5-9CE7-47EC-8565-33D1333B5424}
		{54C1599A-82FC-4078-AE01-5722EE33910E} = {856352B5-9CE7-47EC-8565-33D1333B5424}
		{9E0AE7B0-DC58-4D37-A27C-1BBB491FF390} = {856352B5-9CE7-47EC-8565-33D1333B5424}
		{B4F7FE64-9633-4B6D-8785-59137D928053} = {856352B5-9CE7-47EC-8565-33D1333B5424}
		{9D4DFD83-88D7-491B-BA56-799EB5F9AC0A} = {856352B5-9CE7-47EC-8565-33D1333B5424}
		{2E3B756A-372D-11E7-990C-00155D5A3F06} = {856352B5-9CE7-47EC-8565-33D1333B5424}
	EndGlobalSection
	GlobalSection(ExtensibilityGlobals) = postSolution
		SolutionGuid = {EB0F93DC-DD72-4FA6-A178-B3C1AD0AF3E3}
	EndGlobalSection
EndGlobal
