
Microsoft Visual Studio Solution File, Format Version 12.00
# Visual Studio Version 17
VisualStudioVersion = 17.0.31919.166
MinimumVisualStudioVersion = 10.0.40219.1
Project("{9A19103F-16F7-4668-BE54-9A1E7A4F7556}") = "TpmSample", "TpmSample\TpmSample.csproj", "{995317C2-9D36-477A-8781-94C1F0C3A87F}"
EndProject
Project("{9A19103F-16F7-4668-BE54-9A1E7A4F7556}") = "SymmetricKeySample", "SymmetricKeySample\SymmetricKeySample.csproj", "{7148297F-B361-43FD-96A8-77305AA2B263}"
EndProject
Global
	GlobalSection(SolutionConfigurationPlatforms) = preSolution
		Debug|Any CPU = Debug|Any CPU
		Release|Any CPU = Release|Any CPU
	EndGlobalSection
	GlobalSection(ProjectConfigurationPlatforms) = postSolution
		{995317C2-9D36-477A-8781-94C1F0C3A87F}.Debug|Any CPU.ActiveCfg = Debug|Any CPU
		{995317C2-9D36-477A-8781-94C1F0C3A87F}.Debug|Any CPU.Build.0 = Debug|Any CPU
		{995317C2-9D36-477A-8781-94C1F0C3A87F}.Release|Any CPU.ActiveCfg = Release|Any CPU
		{995317C2-9D36-477A-8781-94C1F0C3A87F}.Release|Any CPU.Build.0 = Release|Any CPU
		{7148297F-B361-43FD-96A8-77305AA2B263}.Debug|Any CPU.ActiveCfg = Debug|Any CPU
		{7148297F-B361-43FD-96A8-77305AA2B263}.Debug|Any CPU.Build.0 = Debug|Any CPU
		{7148297F-B361-43FD-96A8-77305AA2B263}.Release|Any CPU.ActiveCfg = Release|Any CPU
		{7148297F-B361-43FD-96A8-77305AA2B263}.Release|Any CPU.Build.0 = Release|Any CPU
	EndGlobalSection
	GlobalSection(SolutionProperties) = preSolution
		HideSolutionNode = FALSE
	EndGlobalSection
	GlobalSection(ExtensibilityGlobals) = postSolution
		SolutionGuid = {88111BA1-4E11-436B-B373-4D0205BDFEDA}
	EndGlobalSection
EndGlobal
